// !$*UTF8*$!
{
	archiveVersion = 1;
	classes = {
	};
	objectVersion = 46;
	objects = {

/* Begin PBXBuildFile section */
		17491AA5143BF27C00E7135F /* WFConnector.framework in Frameworks */ = {isa = PBXBuildFile; fileRef = 17491AA4143BF27C00E7135F /* WFConnector.framework */; };
		17491AA7143BF55600E7135F /* WFConnector.framework in Frameworks */ = {isa = PBXBuildFile; fileRef = 17491AA4143BF27C00E7135F /* WFConnector.framework */; };
		17491AA8143BF56200E7135F /* ExternalAccessory.framework in Frameworks */ = {isa = PBXBuildFile; fileRef = 17F2E337143BEE2800405FBB /* ExternalAccessory.framework */; };
		17491AAF143BF64000E7135F /* GEDataModel.xcdatamodeld in Sources */ = {isa = PBXBuildFile; fileRef = 17491AAD143BF64000E7135F /* GEDataModel.xcdatamodeld */; };
		17491AB6143BFB0F00E7135F /* GEHeartRateData.m in Sources */ = {isa = PBXBuildFile; fileRef = 17491AB5143BFB0F00E7135F /* GEHeartRateData.m */; };
		17491AB9143BFB0F00E7135F /* GEUser.m in Sources */ = {isa = PBXBuildFile; fileRef = 17491AB8143BFB0F00E7135F /* GEUser.m */; };
		17491ABC143BFB0F00E7135F /* GEPowerData.m in Sources */ = {isa = PBXBuildFile; fileRef = 17491ABB143BFB0F00E7135F /* GEPowerData.m */; };
		17491ABF143BFB0F00E7135F /* GEWorkout.m in Sources */ = {isa = PBXBuildFile; fileRef = 17491ABE143BFB0F00E7135F /* GEWorkout.m */; };
		17491AC2143BFB0F00E7135F /* GESensorData.m in Sources */ = {isa = PBXBuildFile; fileRef = 17491AC1143BFB0F00E7135F /* GESensorData.m */; };
		17491AC4143BFB2800E7135F /* CoreData.framework in Frameworks */ = {isa = PBXBuildFile; fileRef = 17491AC3143BFB2800E7135F /* CoreData.framework */; };
		17491AC5143BFB5700E7135F /* CoreData.framework in Frameworks */ = {isa = PBXBuildFile; fileRef = 17491AC3143BFB2800E7135F /* CoreData.framework */; };
		17491AC8143BFB7300E7135F /* GEDataModel.m in Sources */ = {isa = PBXBuildFile; fileRef = 17491AC7143BFB7300E7135F /* GEDataModel.m */; };
		17491ACC143C004F00E7135F /* GEAccessoryHardwareInterface.m in Sources */ = {isa = PBXBuildFile; fileRef = 17491ACB143C004F00E7135F /* GEAccessoryHardwareInterface.m */; };
		17491AD3143C2E3900E7135F /* GEPowerDataManager.m in Sources */ = {isa = PBXBuildFile; fileRef = 17491AD2143C2E3800E7135F /* GEPowerDataManager.m */; };
		17491AD6143C2EFB00E7135F /* GECommonSensorManager.m in Sources */ = {isa = PBXBuildFile; fileRef = 17491AD5143C2EFB00E7135F /* GECommonSensorManager.m */; };
		17491ADB143C324500E7135F /* GEHeartRateDataManager.m in Sources */ = {isa = PBXBuildFile; fileRef = 17491ADA143C324500E7135F /* GEHeartRateDataManager.m */; };
		17F2E2EA143BED1900405FBB /* UIKit.framework in Frameworks */ = {isa = PBXBuildFile; fileRef = 17F2E2E9143BED1900405FBB /* UIKit.framework */; };
		17F2E2EC143BED1900405FBB /* Foundation.framework in Frameworks */ = {isa = PBXBuildFile; fileRef = 17F2E2EB143BED1900405FBB /* Foundation.framework */; };
		17F2E2EE143BED1900405FBB /* CoreGraphics.framework in Frameworks */ = {isa = PBXBuildFile; fileRef = 17F2E2ED143BED1900405FBB /* CoreGraphics.framework */; };
		17F2E2F4143BED1900405FBB /* InfoPlist.strings in Resources */ = {isa = PBXBuildFile; fileRef = 17F2E2F2143BED1900405FBB /* InfoPlist.strings */; };
		17F2E2F6143BED1900405FBB /* main.m in Sources */ = {isa = PBXBuildFile; fileRef = 17F2E2F5143BED1900405FBB /* main.m */; };
		17F2E2FA143BED1900405FBB /* RJAppDelegate.m in Sources */ = {isa = PBXBuildFile; fileRef = 17F2E2F9143BED1900405FBB /* RJAppDelegate.m */; };
		17F2E2FD143BED1900405FBB /* RJFirstViewController.m in Sources */ = {isa = PBXBuildFile; fileRef = 17F2E2FC143BED1900405FBB /* RJFirstViewController.m */; };
		17F2E2FF143BED1900405FBB /* first.png in Resources */ = {isa = PBXBuildFile; fileRef = 17F2E2FE143BED1900405FBB /* first.png */; };
		17F2E301143BED1900405FBB /* first@2x.png in Resources */ = {isa = PBXBuildFile; fileRef = 17F2E300143BED1900405FBB /* first@2x.png */; };
		17F2E304143BED1900405FBB /* RJSecondViewController.m in Sources */ = {isa = PBXBuildFile; fileRef = 17F2E303143BED1900405FBB /* RJSecondViewController.m */; };
		17F2E306143BED1900405FBB /* second.png in Resources */ = {isa = PBXBuildFile; fileRef = 17F2E305143BED1900405FBB /* second.png */; };
		17F2E308143BED1900405FBB /* second@2x.png in Resources */ = {isa = PBXBuildFile; fileRef = 17F2E307143BED1900405FBB /* second@2x.png */; };
		17F2E30B143BED1900405FBB /* RJFirstViewController_iPhone.xib in Resources */ = {isa = PBXBuildFile; fileRef = 17F2E309143BED1900405FBB /* RJFirstViewController_iPhone.xib */; };
		17F2E30E143BED1900405FBB /* RJFirstViewController_iPad.xib in Resources */ = {isa = PBXBuildFile; fileRef = 17F2E30C143BED1900405FBB /* RJFirstViewController_iPad.xib */; };
		17F2E311143BED1900405FBB /* RJSecondViewController_iPhone.xib in Resources */ = {isa = PBXBuildFile; fileRef = 17F2E30F143BED1900405FBB /* RJSecondViewController_iPhone.xib */; };
		17F2E314143BED1900405FBB /* RJSecondViewController_iPad.xib in Resources */ = {isa = PBXBuildFile; fileRef = 17F2E312143BED1900405FBB /* RJSecondViewController_iPad.xib */; };
		17F2E31C143BED1A00405FBB /* SenTestingKit.framework in Frameworks */ = {isa = PBXBuildFile; fileRef = 17F2E31B143BED1A00405FBB /* SenTestingKit.framework */; };
		17F2E31D143BED1A00405FBB /* UIKit.framework in Frameworks */ = {isa = PBXBuildFile; fileRef = 17F2E2E9143BED1900405FBB /* UIKit.framework */; };
		17F2E31E143BED1A00405FBB /* Foundation.framework in Frameworks */ = {isa = PBXBuildFile; fileRef = 17F2E2EB143BED1900405FBB /* Foundation.framework */; };
		17F2E326143BED1A00405FBB /* InfoPlist.strings in Resources */ = {isa = PBXBuildFile; fileRef = 17F2E324143BED1A00405FBB /* InfoPlist.strings */; };
		17F2E329143BED1A00405FBB /* GradedExercisesTests.m in Sources */ = {isa = PBXBuildFile; fileRef = 17F2E328143BED1A00405FBB /* GradedExercisesTests.m */; };
		17F2E338143BEE2800405FBB /* ExternalAccessory.framework in Frameworks */ = {isa = PBXBuildFile; fileRef = 17F2E337143BEE2800405FBB /* ExternalAccessory.framework */; };
/* End PBXBuildFile section */

/* Begin PBXContainerItemProxy section */
		17F2E31F143BED1A00405FBB /* PBXContainerItemProxy */ = {
			isa = PBXContainerItemProxy;
			containerPortal = 17F2E2DC143BED1900405FBB /* Project object */;
			proxyType = 1;
			remoteGlobalIDString = 17F2E2E4143BED1900405FBB;
			remoteInfo = GradedExercises;
		};
/* End PBXContainerItemProxy section */

/* Begin PBXFileReference section */
		17491AA4143BF27C00E7135F /* WFConnector.framework */ = {isa = PBXFileReference; lastKnownFileType = wrapper.framework; name = WFConnector.framework; path = ../../Dropbox/wf_api_2.0/dependencies/WFConnector.framework; sourceTree = "<group>"; };
		17491AAE143BF64000E7135F /* GEDataModel.xcdatamodel */ = {isa = PBXFileReference; lastKnownFileType = wrapper.xcdatamodel; path = GEDataModel.xcdatamodel; sourceTree = "<group>"; };
		17491AB4143BFB0F00E7135F /* GEHeartRateData.h */ = {isa = PBXFileReference; fileEncoding = 4; lastKnownFileType = sourcecode.c.h; name = GEHeartRateData.h; path = DataModel/GeneratedModels/GEHeartRateData.h; sourceTree = "<group>"; };
		17491AB5143BFB0F00E7135F /* GEHeartRateData.m */ = {isa = PBXFileReference; fileEncoding = 4; lastKnownFileType = sourcecode.c.objc; name = GEHeartRateData.m; path = DataModel/GeneratedModels/GEHeartRateData.m; sourceTree = "<group>"; };
		17491AB7143BFB0F00E7135F /* GEUser.h */ = {isa = PBXFileReference; fileEncoding = 4; lastKnownFileType = sourcecode.c.h; name = GEUser.h; path = DataModel/GeneratedModels/GEUser.h; sourceTree = "<group>"; };
		17491AB8143BFB0F00E7135F /* GEUser.m */ = {isa = PBXFileReference; fileEncoding = 4; lastKnownFileType = sourcecode.c.objc; name = GEUser.m; path = DataModel/GeneratedModels/GEUser.m; sourceTree = "<group>"; };
		17491ABA143BFB0F00E7135F /* GEPowerData.h */ = {isa = PBXFileReference; fileEncoding = 4; lastKnownFileType = sourcecode.c.h; name = GEPowerData.h; path = DataModel/GeneratedModels/GEPowerData.h; sourceTree = "<group>"; };
		17491ABB143BFB0F00E7135F /* GEPowerData.m */ = {isa = PBXFileReference; fileEncoding = 4; lastKnownFileType = sourcecode.c.objc; name = GEPowerData.m; path = DataModel/GeneratedModels/GEPowerData.m; sourceTree = "<group>"; };
		17491ABD143BFB0F00E7135F /* GEWorkout.h */ = {isa = PBXFileReference; fileEncoding = 4; lastKnownFileType = sourcecode.c.h; name = GEWorkout.h; path = DataModel/GeneratedModels/GEWorkout.h; sourceTree = "<group>"; };
		17491ABE143BFB0F00E7135F /* GEWorkout.m */ = {isa = PBXFileReference; fileEncoding = 4; lastKnownFileType = sourcecode.c.objc; name = GEWorkout.m; path = DataModel/GeneratedModels/GEWorkout.m; sourceTree = "<group>"; };
		17491AC0143BFB0F00E7135F /* GESensorData.h */ = {isa = PBXFileReference; fileEncoding = 4; lastKnownFileType = sourcecode.c.h; name = GESensorData.h; path = DataModel/GeneratedModels/GESensorData.h; sourceTree = "<group>"; };
		17491AC1143BFB0F00E7135F /* GESensorData.m */ = {isa = PBXFileReference; fileEncoding = 4; lastKnownFileType = sourcecode.c.objc; name = GESensorData.m; path = DataModel/GeneratedModels/GESensorData.m; sourceTree = "<group>"; };
		17491AC3143BFB2800E7135F /* CoreData.framework */ = {isa = PBXFileReference; lastKnownFileType = wrapper.framework; name = CoreData.framework; path = System/Library/Frameworks/CoreData.framework; sourceTree = SDKROOT; };
		17491AC6143BFB7300E7135F /* GEDataModel.h */ = {isa = PBXFileReference; fileEncoding = 4; lastKnownFileType = sourcecode.c.h; name = GEDataModel.h; path = DataModel/GEDataModel.h; sourceTree = "<group>"; };
		17491AC7143BFB7300E7135F /* GEDataModel.m */ = {isa = PBXFileReference; fileEncoding = 4; lastKnownFileType = sourcecode.c.objc; name = GEDataModel.m; path = DataModel/GEDataModel.m; sourceTree = "<group>"; };
		17491ACA143C004F00E7135F /* GEAccessoryHardwareInterface.h */ = {isa = PBXFileReference; fileEncoding = 4; lastKnownFileType = sourcecode.c.h; name = GEAccessoryHardwareInterface.h; path = HardwareInterface/GEAccessoryHardwareInterface.h; sourceTree = "<group>"; };
		17491ACB143C004F00E7135F /* GEAccessoryHardwareInterface.m */ = {isa = PBXFileReference; fileEncoding = 4; lastKnownFileType = sourcecode.c.objc; name = GEAccessoryHardwareInterface.m; path = HardwareInterface/GEAccessoryHardwareInterface.m; sourceTree = "<group>"; };
		17491AD1143C2E3800E7135F /* GEPowerDataManager.h */ = {isa = PBXFileReference; fileEncoding = 4; lastKnownFileType = sourcecode.c.h; name = GEPowerDataManager.h; path = DataManagers/GEPowerDataManager.h; sourceTree = "<group>"; };
		17491AD2143C2E3800E7135F /* GEPowerDataManager.m */ = {isa = PBXFileReference; fileEncoding = 4; lastKnownFileType = sourcecode.c.objc; name = GEPowerDataManager.m; path = DataManagers/GEPowerDataManager.m; sourceTree = "<group>"; };
		17491AD5143C2EFB00E7135F /* GECommonSensorManager.m */ = {isa = PBXFileReference; fileEncoding = 4; lastKnownFileType = sourcecode.c.objc; name = GECommonSensorManager.m; path = DataManagers/GECommonSensorManager.m; sourceTree = "<group>"; };
		17491AD8143C31E200E7135F /* GECommonSensorManager.h */ = {isa = PBXFileReference; fileEncoding = 4; lastKnownFileType = sourcecode.c.h; name = GECommonSensorManager.h; path = DataManagers/GECommonSensorManager.h; sourceTree = "<group>"; };
		17491AD9143C324500E7135F /* GEHeartRateDataManager.h */ = {isa = PBXFileReference; fileEncoding = 4; lastKnownFileType = sourcecode.c.h; name = GEHeartRateDataManager.h; path = DataManagers/GEHeartRateDataManager.h; sourceTree = "<group>"; };
		17491ADA143C324500E7135F /* GEHeartRateDataManager.m */ = {isa = PBXFileReference; fileEncoding = 4; lastKnownFileType = sourcecode.c.objc; name = GEHeartRateDataManager.m; path = DataManagers/GEHeartRateDataManager.m; sourceTree = "<group>"; };
		17F2E2E5143BED1900405FBB /* GradedExercises.app */ = {isa = PBXFileReference; explicitFileType = wrapper.application; includeInIndex = 0; path = GradedExercises.app; sourceTree = BUILT_PRODUCTS_DIR; };
		17F2E2E9143BED1900405FBB /* UIKit.framework */ = {isa = PBXFileReference; lastKnownFileType = wrapper.framework; name = UIKit.framework; path = System/Library/Frameworks/UIKit.framework; sourceTree = SDKROOT; };
		17F2E2EB143BED1900405FBB /* Foundation.framework */ = {isa = PBXFileReference; lastKnownFileType = wrapper.framework; name = Foundation.framework; path = System/Library/Frameworks/Foundation.framework; sourceTree = SDKROOT; };
		17F2E2ED143BED1900405FBB /* CoreGraphics.framework */ = {isa = PBXFileReference; lastKnownFileType = wrapper.framework; name = CoreGraphics.framework; path = System/Library/Frameworks/CoreGraphics.framework; sourceTree = SDKROOT; };
		17F2E2F1143BED1900405FBB /* GradedExercises-Info.plist */ = {isa = PBXFileReference; lastKnownFileType = text.plist.xml; path = "GradedExercises-Info.plist"; sourceTree = "<group>"; };
		17F2E2F3143BED1900405FBB /* en */ = {isa = PBXFileReference; lastKnownFileType = text.plist.strings; name = en; path = en.lproj/InfoPlist.strings; sourceTree = "<group>"; };
		17F2E2F5143BED1900405FBB /* main.m */ = {isa = PBXFileReference; lastKnownFileType = sourcecode.c.objc; path = main.m; sourceTree = "<group>"; };
		17F2E2F7143BED1900405FBB /* GradedExercises-Prefix.pch */ = {isa = PBXFileReference; lastKnownFileType = sourcecode.c.h; path = "GradedExercises-Prefix.pch"; sourceTree = "<group>"; };
		17F2E2F8143BED1900405FBB /* RJAppDelegate.h */ = {isa = PBXFileReference; lastKnownFileType = sourcecode.c.h; path = RJAppDelegate.h; sourceTree = "<group>"; };
		17F2E2F9143BED1900405FBB /* RJAppDelegate.m */ = {isa = PBXFileReference; lastKnownFileType = sourcecode.c.objc; path = RJAppDelegate.m; sourceTree = "<group>"; };
		17F2E2FB143BED1900405FBB /* RJFirstViewController.h */ = {isa = PBXFileReference; lastKnownFileType = sourcecode.c.h; path = RJFirstViewController.h; sourceTree = "<group>"; };
		17F2E2FC143BED1900405FBB /* RJFirstViewController.m */ = {isa = PBXFileReference; lastKnownFileType = sourcecode.c.objc; path = RJFirstViewController.m; sourceTree = "<group>"; };
		17F2E2FE143BED1900405FBB /* first.png */ = {isa = PBXFileReference; lastKnownFileType = image.png; path = first.png; sourceTree = "<group>"; };
		17F2E300143BED1900405FBB /* first@2x.png */ = {isa = PBXFileReference; lastKnownFileType = image.png; path = "first@2x.png"; sourceTree = "<group>"; };
		17F2E302143BED1900405FBB /* RJSecondViewController.h */ = {isa = PBXFileReference; lastKnownFileType = sourcecode.c.h; path = RJSecondViewController.h; sourceTree = "<group>"; };
		17F2E303143BED1900405FBB /* RJSecondViewController.m */ = {isa = PBXFileReference; lastKnownFileType = sourcecode.c.objc; path = RJSecondViewController.m; sourceTree = "<group>"; };
		17F2E305143BED1900405FBB /* second.png */ = {isa = PBXFileReference; lastKnownFileType = image.png; path = second.png; sourceTree = "<group>"; };
		17F2E307143BED1900405FBB /* second@2x.png */ = {isa = PBXFileReference; lastKnownFileType = image.png; path = "second@2x.png"; sourceTree = "<group>"; };
		17F2E30A143BED1900405FBB /* en */ = {isa = PBXFileReference; lastKnownFileType = file.xib; name = en; path = en.lproj/RJFirstViewController_iPhone.xib; sourceTree = "<group>"; };
		17F2E30D143BED1900405FBB /* en */ = {isa = PBXFileReference; lastKnownFileType = file.xib; name = en; path = en.lproj/RJFirstViewController_iPad.xib; sourceTree = "<group>"; };
		17F2E310143BED1900405FBB /* en */ = {isa = PBXFileReference; lastKnownFileType = file.xib; name = en; path = en.lproj/RJSecondViewController_iPhone.xib; sourceTree = "<group>"; };
		17F2E313143BED1900405FBB /* en */ = {isa = PBXFileReference; lastKnownFileType = file.xib; name = en; path = en.lproj/RJSecondViewController_iPad.xib; sourceTree = "<group>"; };
		17F2E31A143BED1A00405FBB /* GradedExercisesTests.octest */ = {isa = PBXFileReference; explicitFileType = wrapper.cfbundle; includeInIndex = 0; path = GradedExercisesTests.octest; sourceTree = BUILT_PRODUCTS_DIR; };
		17F2E31B143BED1A00405FBB /* SenTestingKit.framework */ = {isa = PBXFileReference; lastKnownFileType = wrapper.framework; name = SenTestingKit.framework; path = Library/Frameworks/SenTestingKit.framework; sourceTree = DEVELOPER_DIR; };
		17F2E323143BED1A00405FBB /* GradedExercisesTests-Info.plist */ = {isa = PBXFileReference; lastKnownFileType = text.plist.xml; path = "GradedExercisesTests-Info.plist"; sourceTree = "<group>"; };
		17F2E325143BED1A00405FBB /* en */ = {isa = PBXFileReference; lastKnownFileType = text.plist.strings; name = en; path = en.lproj/InfoPlist.strings; sourceTree = "<group>"; };
		17F2E327143BED1A00405FBB /* GradedExercisesTests.h */ = {isa = PBXFileReference; lastKnownFileType = sourcecode.c.h; path = GradedExercisesTests.h; sourceTree = "<group>"; };
		17F2E328143BED1A00405FBB /* GradedExercisesTests.m */ = {isa = PBXFileReference; lastKnownFileType = sourcecode.c.objc; path = GradedExercisesTests.m; sourceTree = "<group>"; };
		17F2E337143BEE2800405FBB /* ExternalAccessory.framework */ = {isa = PBXFileReference; lastKnownFileType = wrapper.framework; name = ExternalAccessory.framework; path = System/Library/Frameworks/ExternalAccessory.framework; sourceTree = SDKROOT; };
/* End PBXFileReference section */

/* Begin PBXFrameworksBuildPhase section */
		17F2E2E2143BED1900405FBB /* Frameworks */ = {
			isa = PBXFrameworksBuildPhase;
			buildActionMask = 2147483647;
			files = (
				17491AC5143BFB5700E7135F /* CoreData.framework in Frameworks */,
				17F2E2EA143BED1900405FBB /* UIKit.framework in Frameworks */,
				17F2E338143BEE2800405FBB /* ExternalAccessory.framework in Frameworks */,
				17F2E2EC143BED1900405FBB /* Foundation.framework in Frameworks */,
				17F2E2EE143BED1900405FBB /* CoreGraphics.framework in Frameworks */,
				17491AA5143BF27C00E7135F /* WFConnector.framework in Frameworks */,
			);
			runOnlyForDeploymentPostprocessing = 0;
		};
		17F2E316143BED1A00405FBB /* Frameworks */ = {
			isa = PBXFrameworksBuildPhase;
			buildActionMask = 2147483647;
			files = (
				17491AC4143BFB2800E7135F /* CoreData.framework in Frameworks */,
				17491AA7143BF55600E7135F /* WFConnector.framework in Frameworks */,
				17491AA8143BF56200E7135F /* ExternalAccessory.framework in Frameworks */,
				17F2E31C143BED1A00405FBB /* SenTestingKit.framework in Frameworks */,
				17F2E31D143BED1A00405FBB /* UIKit.framework in Frameworks */,
				17F2E31E143BED1A00405FBB /* Foundation.framework in Frameworks */,
			);
			runOnlyForDeploymentPostprocessing = 0;
		};
/* End PBXFrameworksBuildPhase section */

/* Begin PBXGroup section */
		17491AA9143BF60F00E7135F /* DataModel */ = {
			isa = PBXGroup;
			children = (
				17491AD7143C308200E7135F /* DataManagers */,
				17491AB0143BF64900E7135F /* GeneratedModels */,
				17491AAD143BF64000E7135F /* GEDataModel.xcdatamodeld */,
				17491AC6143BFB7300E7135F /* GEDataModel.h */,
				17491AC7143BFB7300E7135F /* GEDataModel.m */,
			);
			name = DataModel;
			sourceTree = "<group>";
		};
		17491AB0143BF64900E7135F /* GeneratedModels */ = {
			isa = PBXGroup;
			children = (
				17491AC0143BFB0F00E7135F /* GESensorData.h */,
				17491AC1143BFB0F00E7135F /* GESensorData.m */,
				17491ABD143BFB0F00E7135F /* GEWorkout.h */,
				17491ABE143BFB0F00E7135F /* GEWorkout.m */,
				17491ABA143BFB0F00E7135F /* GEPowerData.h */,
				17491ABB143BFB0F00E7135F /* GEPowerData.m */,
				17491AB7143BFB0F00E7135F /* GEUser.h */,
				17491AB8143BFB0F00E7135F /* GEUser.m */,
				17491AB4143BFB0F00E7135F /* GEHeartRateData.h */,
				17491AB5143BFB0F00E7135F /* GEHeartRateData.m */,
			);
			name = GeneratedModels;
			sourceTree = "<group>";
		};
		17491AC9143C001A00E7135F /* Hardware Interface */ = {
			isa = PBXGroup;
			children = (
				17491ACA143C004F00E7135F /* GEAccessoryHardwareInterface.h */,
				17491ACB143C004F00E7135F /* GEAccessoryHardwareInterface.m */,
			);
			name = "Hardware Interface";
			sourceTree = "<group>";
		};
		17491AD7143C308200E7135F /* DataManagers */ = {
			isa = PBXGroup;
			children = (
				17491AD8143C31E200E7135F /* GECommonSensorManager.h */,
				17491AD5143C2EFB00E7135F /* GECommonSensorManager.m */,
				17491AD9143C324500E7135F /* GEHeartRateDataManager.h */,
				17491ADA143C324500E7135F /* GEHeartRateDataManager.m */,
				17491AD1143C2E3800E7135F /* GEPowerDataManager.h */,
				17491AD2143C2E3800E7135F /* GEPowerDataManager.m */,
			);
			name = DataManagers;
			sourceTree = "<group>";
		};
		17F2E2DA143BED1900405FBB = {
			isa = PBXGroup;
			children = (
				17F2E2EF143BED1900405FBB /* GradedExercises */,
				17F2E321143BED1A00405FBB /* GradedExercisesTests */,
				17F2E2E8143BED1900405FBB /* Frameworks */,
				17F2E2E6143BED1900405FBB /* Products */,
			);
			sourceTree = "<group>";
		};
		17F2E2E6143BED1900405FBB /* Products */ = {
			isa = PBXGroup;
			children = (
				17F2E2E5143BED1900405FBB /* GradedExercises.app */,
				17F2E31A143BED1A00405FBB /* GradedExercisesTests.octest */,
			);
			name = Products;
			sourceTree = "<group>";
		};
		17F2E2E8143BED1900405FBB /* Frameworks */ = {
			isa = PBXGroup;
			children = (
				17491AC3143BFB2800E7135F /* CoreData.framework */,
				17491AA4143BF27C00E7135F /* WFConnector.framework */,
				17F2E337143BEE2800405FBB /* ExternalAccessory.framework */,
				17F2E2E9143BED1900405FBB /* UIKit.framework */,
				17F2E2EB143BED1900405FBB /* Foundation.framework */,
				17F2E2ED143BED1900405FBB /* CoreGraphics.framework */,
				17F2E31B143BED1A00405FBB /* SenTestingKit.framework */,
			);
			name = Frameworks;
			sourceTree = "<group>";
		};
		17F2E2EF143BED1900405FBB /* GradedExercises */ = {
			isa = PBXGroup;
			children = (
				17491AC9143C001A00E7135F /* Hardware Interface */,
				17491AA9143BF60F00E7135F /* DataModel */,
				17F2E2F8143BED1900405FBB /* RJAppDelegate.h */,
				17F2E2F9143BED1900405FBB /* RJAppDelegate.m */,
				17F2E2FB143BED1900405FBB /* RJFirstViewController.h */,
				17F2E2FC143BED1900405FBB /* RJFirstViewController.m */,
				17F2E2FE143BED1900405FBB /* first.png */,
				17F2E300143BED1900405FBB /* first@2x.png */,
				17F2E302143BED1900405FBB /* RJSecondViewController.h */,
				17F2E303143BED1900405FBB /* RJSecondViewController.m */,
				17F2E305143BED1900405FBB /* second.png */,
				17F2E307143BED1900405FBB /* second@2x.png */,
				17F2E309143BED1900405FBB /* RJFirstViewController_iPhone.xib */,
				17F2E30C143BED1900405FBB /* RJFirstViewController_iPad.xib */,
				17F2E30F143BED1900405FBB /* RJSecondViewController_iPhone.xib */,
				17F2E312143BED1900405FBB /* RJSecondViewController_iPad.xib */,
				17F2E2F0143BED1900405FBB /* Supporting Files */,
			);
			path = GradedExercises;
			sourceTree = "<group>";
		};
		17F2E2F0143BED1900405FBB /* Supporting Files */ = {
			isa = PBXGroup;
			children = (
				17F2E2F1143BED1900405FBB /* GradedExercises-Info.plist */,
				17F2E2F2143BED1900405FBB /* InfoPlist.strings */,
				17F2E2F5143BED1900405FBB /* main.m */,
				17F2E2F7143BED1900405FBB /* GradedExercises-Prefix.pch */,
			);
			name = "Supporting Files";
			sourceTree = "<group>";
		};
		17F2E321143BED1A00405FBB /* GradedExercisesTests */ = {
			isa = PBXGroup;
			children = (
				17F2E327143BED1A00405FBB /* GradedExercisesTests.h */,
				17F2E328143BED1A00405FBB /* GradedExercisesTests.m */,
				17F2E322143BED1A00405FBB /* Supporting Files */,
			);
			path = GradedExercisesTests;
			sourceTree = "<group>";
		};
		17F2E322143BED1A00405FBB /* Supporting Files */ = {
			isa = PBXGroup;
			children = (
				17F2E323143BED1A00405FBB /* GradedExercisesTests-Info.plist */,
				17F2E324143BED1A00405FBB /* InfoPlist.strings */,
			);
			name = "Supporting Files";
			sourceTree = "<group>";
		};
/* End PBXGroup section */

/* Begin PBXNativeTarget section */
		17F2E2E4143BED1900405FBB /* GradedExercises */ = {
			isa = PBXNativeTarget;
			buildConfigurationList = 17F2E32C143BED1A00405FBB /* Build configuration list for PBXNativeTarget "GradedExercises" */;
			buildPhases = (
				17F2E2E1143BED1900405FBB /* Sources */,
				17F2E2E2143BED1900405FBB /* Frameworks */,
				17F2E2E3143BED1900405FBB /* Resources */,
			);
			buildRules = (
			);
			dependencies = (
			);
			name = GradedExercises;
			productName = GradedExercises;
			productReference = 17F2E2E5143BED1900405FBB /* GradedExercises.app */;
			productType = "com.apple.product-type.application";
		};
		17F2E319143BED1A00405FBB /* GradedExercisesTests */ = {
			isa = PBXNativeTarget;
			buildConfigurationList = 17F2E32F143BED1A00405FBB /* Build configuration list for PBXNativeTarget "GradedExercisesTests" */;
			buildPhases = (
				17F2E315143BED1A00405FBB /* Sources */,
				17F2E316143BED1A00405FBB /* Frameworks */,
				17F2E317143BED1A00405FBB /* Resources */,
				17F2E318143BED1A00405FBB /* ShellScript */,
			);
			buildRules = (
			);
			dependencies = (
				17F2E320143BED1A00405FBB /* PBXTargetDependency */,
			);
			name = GradedExercisesTests;
			productName = GradedExercisesTests;
			productReference = 17F2E31A143BED1A00405FBB /* GradedExercisesTests.octest */;
			productType = "com.apple.product-type.bundle";
		};
/* End PBXNativeTarget section */

/* Begin PBXProject section */
		17F2E2DC143BED1900405FBB /* Project object */ = {
			isa = PBXProject;
			attributes = {
				LastUpgradeCheck = 0420;
			};
			buildConfigurationList = 17F2E2DF143BED1900405FBB /* Build configuration list for PBXProject "GradedExercises" */;
			compatibilityVersion = "Xcode 3.2";
			developmentRegion = English;
			hasScannedForEncodings = 0;
			knownRegions = (
				en,
			);
			mainGroup = 17F2E2DA143BED1900405FBB;
			productRefGroup = 17F2E2E6143BED1900405FBB /* Products */;
			projectDirPath = "";
			projectRoot = "";
			targets = (
				17F2E2E4143BED1900405FBB /* GradedExercises */,
				17F2E319143BED1A00405FBB /* GradedExercisesTests */,
			);
		};
/* End PBXProject section */

/* Begin PBXResourcesBuildPhase section */
		17F2E2E3143BED1900405FBB /* Resources */ = {
			isa = PBXResourcesBuildPhase;
			buildActionMask = 2147483647;
			files = (
				17F2E2F4143BED1900405FBB /* InfoPlist.strings in Resources */,
				17F2E2FF143BED1900405FBB /* first.png in Resources */,
				17F2E301143BED1900405FBB /* first@2x.png in Resources */,
				17F2E306143BED1900405FBB /* second.png in Resources */,
				17F2E308143BED1900405FBB /* second@2x.png in Resources */,
				17F2E30B143BED1900405FBB /* RJFirstViewController_iPhone.xib in Resources */,
				17F2E30E143BED1900405FBB /* RJFirstViewController_iPad.xib in Resources */,
				17F2E311143BED1900405FBB /* RJSecondViewController_iPhone.xib in Resources */,
				17F2E314143BED1900405FBB /* RJSecondViewController_iPad.xib in Resources */,
			);
			runOnlyForDeploymentPostprocessing = 0;
		};
		17F2E317143BED1A00405FBB /* Resources */ = {
			isa = PBXResourcesBuildPhase;
			buildActionMask = 2147483647;
			files = (
				17F2E326143BED1A00405FBB /* InfoPlist.strings in Resources */,
			);
			runOnlyForDeploymentPostprocessing = 0;
		};
/* End PBXResourcesBuildPhase section */

/* Begin PBXShellScriptBuildPhase section */
		17F2E318143BED1A00405FBB /* ShellScript */ = {
			isa = PBXShellScriptBuildPhase;
			buildActionMask = 2147483647;
			files = (
			);
			inputPaths = (
			);
			outputPaths = (
			);
			runOnlyForDeploymentPostprocessing = 0;
			shellPath = /bin/sh;
			shellScript = "# Run the unit tests in this test bundle.\n\"${SYSTEM_DEVELOPER_DIR}/Tools/RunUnitTests\"\n";
		};
/* End PBXShellScriptBuildPhase section */

/* Begin PBXSourcesBuildPhase section */
		17F2E2E1143BED1900405FBB /* Sources */ = {
			isa = PBXSourcesBuildPhase;
			buildActionMask = 2147483647;
			files = (
				17F2E2F6143BED1900405FBB /* main.m in Sources */,
				17F2E2FA143BED1900405FBB /* RJAppDelegate.m in Sources */,
				17F2E2FD143BED1900405FBB /* RJFirstViewController.m in Sources */,
				17F2E304143BED1900405FBB /* RJSecondViewController.m in Sources */,
				17491AAF143BF64000E7135F /* GEDataModel.xcdatamodeld in Sources */,
				17491AB6143BFB0F00E7135F /* GEHeartRateData.m in Sources */,
				17491AB9143BFB0F00E7135F /* GEUser.m in Sources */,
				17491ABC143BFB0F00E7135F /* GEPowerData.m in Sources */,
				17491ABF143BFB0F00E7135F /* GEWorkout.m in Sources */,
				17491AC2143BFB0F00E7135F /* GESensorData.m in Sources */,
				17491AC8143BFB7300E7135F /* GEDataModel.m in Sources */,
				17491ACC143C004F00E7135F /* GEAccessoryHardwareInterface.m in Sources */,
				17491AD3143C2E3900E7135F /* GEPowerDataManager.m in Sources */,
				17491AD6143C2EFB00E7135F /* GECommonSensorManager.m in Sources */,
				17491ADB143C324500E7135F /* GEHeartRateDataManager.m in Sources */,
			);
			runOnlyForDeploymentPostprocessing = 0;
		};
		17F2E315143BED1A00405FBB /* Sources */ = {
			isa = PBXSourcesBuildPhase;
			buildActionMask = 2147483647;
			files = (
				17F2E329143BED1A00405FBB /* GradedExercisesTests.m in Sources */,
			);
			runOnlyForDeploymentPostprocessing = 0;
		};
/* End PBXSourcesBuildPhase section */

/* Begin PBXTargetDependency section */
		17F2E320143BED1A00405FBB /* PBXTargetDependency */ = {
			isa = PBXTargetDependency;
			target = 17F2E2E4143BED1900405FBB /* GradedExercises */;
			targetProxy = 17F2E31F143BED1A00405FBB /* PBXContainerItemProxy */;
		};
/* End PBXTargetDependency section */

/* Begin PBXVariantGroup section */
		17F2E2F2143BED1900405FBB /* InfoPlist.strings */ = {
			isa = PBXVariantGroup;
			children = (
				17F2E2F3143BED1900405FBB /* en */,
			);
			name = InfoPlist.strings;
			sourceTree = "<group>";
		};
		17F2E309143BED1900405FBB /* RJFirstViewController_iPhone.xib */ = {
			isa = PBXVariantGroup;
			children = (
				17F2E30A143BED1900405FBB /* en */,
			);
			name = RJFirstViewController_iPhone.xib;
			sourceTree = "<group>";
		};
		17F2E30C143BED1900405FBB /* RJFirstViewController_iPad.xib */ = {
			isa = PBXVariantGroup;
			children = (
				17F2E30D143BED1900405FBB /* en */,
			);
			name = RJFirstViewController_iPad.xib;
			sourceTree = "<group>";
		};
		17F2E30F143BED1900405FBB /* RJSecondViewController_iPhone.xib */ = {
			isa = PBXVariantGroup;
			children = (
				17F2E310143BED1900405FBB /* en */,
			);
			name = RJSecondViewController_iPhone.xib;
			sourceTree = "<group>";
		};
		17F2E312143BED1900405FBB /* RJSecondViewController_iPad.xib */ = {
			isa = PBXVariantGroup;
			children = (
				17F2E313143BED1900405FBB /* en */,
			);
			name = RJSecondViewController_iPad.xib;
			sourceTree = "<group>";
		};
		17F2E324143BED1A00405FBB /* InfoPlist.strings */ = {
			isa = PBXVariantGroup;
			children = (
				17F2E325143BED1A00405FBB /* en */,
			);
			name = InfoPlist.strings;
			sourceTree = "<group>";
		};
/* End PBXVariantGroup section */

/* Begin XCBuildConfiguration section */
		17F2E32A143BED1A00405FBB /* Debug */ = {
			isa = XCBuildConfiguration;
			buildSettings = {
				ALWAYS_SEARCH_USER_PATHS = NO;
				ARCHS = "$(ARCHS_STANDARD_32_BIT)";
				"CODE_SIGN_IDENTITY[sdk=iphoneos*]" = "iPhone Developer";
				COPY_PHASE_STRIP = NO;
				GCC_C_LANGUAGE_STANDARD = gnu99;
				GCC_DYNAMIC_NO_PIC = NO;
				GCC_OPTIMIZATION_LEVEL = 0;
				GCC_PREPROCESSOR_DEFINITIONS = (
					"DEBUG=1",
					"$(inherited)",
				);
				GCC_SYMBOLS_PRIVATE_EXTERN = NO;
				GCC_VERSION = com.apple.compilers.llvm.clang.1_0;
				GCC_WARN_ABOUT_MISSING_PROTOTYPES = YES;
				GCC_WARN_ABOUT_RETURN_TYPE = YES;
				GCC_WARN_UNUSED_VARIABLE = YES;
				IPHONEOS_DEPLOYMENT_TARGET = 4.3;
				SDKROOT = iphoneos;
				TARGETED_DEVICE_FAMILY = "1,2";
			};
			name = Debug;
		};
		17F2E32B143BED1A00405FBB /* Release */ = {
			isa = XCBuildConfiguration;
			buildSettings = {
				ALWAYS_SEARCH_USER_PATHS = NO;
				ARCHS = "$(ARCHS_STANDARD_32_BIT)";
				"CODE_SIGN_IDENTITY[sdk=iphoneos*]" = "iPhone Developer";
				COPY_PHASE_STRIP = YES;
				GCC_C_LANGUAGE_STANDARD = gnu99;
				GCC_VERSION = com.apple.compilers.llvm.clang.1_0;
				GCC_WARN_ABOUT_MISSING_PROTOTYPES = YES;
				GCC_WARN_ABOUT_RETURN_TYPE = YES;
				GCC_WARN_UNUSED_VARIABLE = YES;
				IPHONEOS_DEPLOYMENT_TARGET = 4.3;
				OTHER_CFLAGS = "-DNS_BLOCK_ASSERTIONS=1";
				SDKROOT = iphoneos;
				TARGETED_DEVICE_FAMILY = "1,2";
				VALIDATE_PRODUCT = YES;
			};
			name = Release;
		};
		17F2E32D143BED1A00405FBB /* Debug */ = {
			isa = XCBuildConfiguration;
			buildSettings = {
				FRAMEWORK_SEARCH_PATHS = (
					"$(inherited)",
					"\"$(SRCROOT)/../../../Dropbox/wf_api_2.0/dependencies\"",
					"\"$(SRCROOT)/../../Dropbox/wf_api_2.0/dependencies\"",
				);
				GCC_PRECOMPILE_PREFIX_HEADER = YES;
				GCC_PREFIX_HEADER = "GradedExercises/GradedExercises-Prefix.pch";
				INFOPLIST_FILE = "GradedExercises/GradedExercises-Info.plist";
				OTHER_LDFLAGS = (
					"-lstdc++",
					"-all_load",
				);
				PRODUCT_NAME = "$(TARGET_NAME)";
				WRAPPER_EXTENSION = app;
			};
			name = Debug;
		};
		17F2E32E143BED1A00405FBB /* Release */ = {
			isa = XCBuildConfiguration;
			buildSettings = {
				FRAMEWORK_SEARCH_PATHS = (
					"$(inherited)",
					"\"$(SRCROOT)/../../../Dropbox/wf_api_2.0/dependencies\"",
					"\"$(SRCROOT)/../../Dropbox/wf_api_2.0/dependencies\"",
				);
				GCC_PRECOMPILE_PREFIX_HEADER = YES;
				GCC_PREFIX_HEADER = "GradedExercises/GradedExercises-Prefix.pch";
				INFOPLIST_FILE = "GradedExercises/GradedExercises-Info.plist";
				OTHER_LDFLAGS = (
					"-lstdc++",
					"-all_load",
				);
				PRODUCT_NAME = "$(TARGET_NAME)";
				WRAPPER_EXTENSION = app;
			};
			name = Release;
		};
		17F2E330143BED1A00405FBB /* Debug */ = {
			isa = XCBuildConfiguration;
			buildSettings = {
				BUNDLE_LOADER = "$(BUILT_PRODUCTS_DIR)/GradedExercises.app/GradedExercises";
				FRAMEWORK_SEARCH_PATHS = (
					"$(SDKROOT)/Developer/Library/Frameworks",
					"$(DEVELOPER_LIBRARY_DIR)/Frameworks",
					"\"$(SRCROOT)/../../Dropbox/wf_api_2.0/dependencies\"",
				);
				GCC_PRECOMPILE_PREFIX_HEADER = YES;
				GCC_PREFIX_HEADER = "GradedExercises/GradedExercises-Prefix.pch";
				INFOPLIST_FILE = "GradedExercisesTests/GradedExercisesTests-Info.plist";
				OTHER_LDFLAGS = (
					"-lstdc++",
					"-all_load",
				);
				PRODUCT_NAME = "$(TARGET_NAME)";
				TEST_HOST = "$(BUNDLE_LOADER)";
				WRAPPER_EXTENSION = octest;
			};
			name = Debug;
		};
		17F2E331143BED1A00405FBB /* Release */ = {
			isa = XCBuildConfiguration;
			buildSettings = {
				BUNDLE_LOADER = "$(BUILT_PRODUCTS_DIR)/GradedExercises.app/GradedExercises";
				FRAMEWORK_SEARCH_PATHS = (
					"$(SDKROOT)/Developer/Library/Frameworks",
					"$(DEVELOPER_LIBRARY_DIR)/Frameworks",
					"\"$(SRCROOT)/../../Dropbox/wf_api_2.0/dependencies\"",
				);
				GCC_PRECOMPILE_PREFIX_HEADER = YES;
				GCC_PREFIX_HEADER = "GradedExercises/GradedExercises-Prefix.pch";
				INFOPLIST_FILE = "GradedExercisesTests/GradedExercisesTests-Info.plist";
				OTHER_LDFLAGS = (
					"-lstdc++",
					"-all_load",
				);
				PRODUCT_NAME = "$(TARGET_NAME)";
				TEST_HOST = "$(BUNDLE_LOADER)";
				WRAPPER_EXTENSION = octest;
			};
			name = Release;
		};
/* End XCBuildConfiguration section */

/* Begin XCConfigurationList section */
		17F2E2DF143BED1900405FBB /* Build configuration list for PBXProject "GradedExercises" */ = {
			isa = XCConfigurationList;
			buildConfigurations = (
				17F2E32A143BED1A00405FBB /* Debug */,
				17F2E32B143BED1A00405FBB /* Release */,
			);
			defaultConfigurationIsVisible = 0;
			defaultConfigurationName = Release;
		};
		17F2E32C143BED1A00405FBB /* Build configuration list for PBXNativeTarget "GradedExercises" */ = {
			isa = XCConfigurationList;
			buildConfigurations = (
				17F2E32D143BED1A00405FBB /* Debug */,
				17F2E32E143BED1A00405FBB /* Release */,
			);
			defaultConfigurationIsVisible = 0;
			defaultConfigurationName = Release;
		};
		17F2E32F143BED1A00405FBB /* Build configuration list for PBXNativeTarget "GradedExercisesTests" */ = {
			isa = XCConfigurationList;
			buildConfigurations = (
				17F2E330143BED1A00405FBB /* Debug */,
				17F2E331143BED1A00405FBB /* Release */,
			);
			defaultConfigurationIsVisible = 0;
			defaultConfigurationName = Release;
		};
/* End XCConfigurationList section */

/* Begin XCVersionGroup section */
		17491AAD143BF64000E7135F /* GEDataModel.xcdatamodeld */ = {
			isa = XCVersionGroup;
			children = (
				17491AAE143BF64000E7135F /* GEDataModel.xcdatamodel */,
			);
			currentVersion = 17491AAE143BF64000E7135F /* GEDataModel.xcdatamodel */;
			name = GEDataModel.xcdatamodeld;
			path = DataModel/GEDataModel.xcdatamodeld;
			sourceTree = "<group>";
			versionGroupType = wrapper.xcdatamodel;
		};
/* End XCVersionGroup section */
	};
	rootObject = 17F2E2DC143BED1900405FBB /* Project object */;
}
