// !$*UTF8*$!
{
	archiveVersion = 1;
	classes = {
	};
	objectVersion = 46;
	objects = {

/* Begin PBXBuildFile section */
		17491AAF143BF64000E7135F /* GEDataModel.xcdatamodeld in Sources */ = {isa = PBXBuildFile; fileRef = 17491AAD143BF64000E7135F /* GEDataModel.xcdatamodeld */; };
		17491AB9143BFB0F00E7135F /* GEUser.m in Sources */ = {isa = PBXBuildFile; fileRef = 17491AB8143BFB0F00E7135F /* GEUser.m */; };
		17491ABF143BFB0F00E7135F /* GEWorkout.m in Sources */ = {isa = PBXBuildFile; fileRef = 17491ABE143BFB0F00E7135F /* GEWorkout.m */; };
		17491AC5143BFB5700E7135F /* CoreData.framework in Frameworks */ = {isa = PBXBuildFile; fileRef = 17491AC3143BFB2800E7135F /* CoreData.framework */; };
		17491AC8143BFB7300E7135F /* GEDataModel.m in Sources */ = {isa = PBXBuildFile; fileRef = 17491AC7143BFB7300E7135F /* GEDataModel.m */; };
		17491ACC143C004F00E7135F /* GEAccessoryHardwareInterface.m in Sources */ = {isa = PBXBuildFile; fileRef = 17491ACB143C004F00E7135F /* GEAccessoryHardwareInterface.m */; };
		17491AD3143C2E3900E7135F /* GEPowerDataManager.m in Sources */ = {isa = PBXBuildFile; fileRef = 17491AD2143C2E3800E7135F /* GEPowerDataManager.m */; };
		17491AD6143C2EFB00E7135F /* GECommonSensorManager.m in Sources */ = {isa = PBXBuildFile; fileRef = 17491AD5143C2EFB00E7135F /* GECommonSensorManager.m */; };
		17491ADB143C324500E7135F /* GEHeartRateDataManager.m in Sources */ = {isa = PBXBuildFile; fileRef = 17491ADA143C324500E7135F /* GEHeartRateDataManager.m */; };
		17491AE41441785B00E7135F /* GEPowerData.m in Sources */ = {isa = PBXBuildFile; fileRef = 17491AE31441785B00E7135F /* GEPowerData.m */; };
		17491AE71441789A00E7135F /* GEHeartRateData.m in Sources */ = {isa = PBXBuildFile; fileRef = 17491AE61441789A00E7135F /* GEHeartRateData.m */; };
		17491AEA1441796400E7135F /* GESensorData.m in Sources */ = {isa = PBXBuildFile; fileRef = 17491AE91441796400E7135F /* GESensorData.m */; };
		176318131453CEF400F9C436 /* WFConnector.framework in Frameworks */ = {isa = PBXBuildFile; fileRef = 176318121453CEF400F9C436 /* WFConnector.framework */; };
		1763182B1453D08E00F9C436 /* ASIAuthenticationDialog.m in Sources */ = {isa = PBXBuildFile; fileRef = 176318161453D08E00F9C436 /* ASIAuthenticationDialog.m */; };
		1763182C1453D08E00F9C436 /* ASIDataCompressor.m in Sources */ = {isa = PBXBuildFile; fileRef = 176318191453D08E00F9C436 /* ASIDataCompressor.m */; };
		1763182D1453D08E00F9C436 /* ASIDataDecompressor.m in Sources */ = {isa = PBXBuildFile; fileRef = 1763181B1453D08E00F9C436 /* ASIDataDecompressor.m */; };
		1763182E1453D08E00F9C436 /* ASIDownloadCache.m in Sources */ = {isa = PBXBuildFile; fileRef = 1763181D1453D08E00F9C436 /* ASIDownloadCache.m */; };
		1763182F1453D08E00F9C436 /* ASIFormDataRequest.m in Sources */ = {isa = PBXBuildFile; fileRef = 1763181F1453D08E00F9C436 /* ASIFormDataRequest.m */; };
		176318301453D08E00F9C436 /* ASIHTTPRequest.m in Sources */ = {isa = PBXBuildFile; fileRef = 176318211453D08E00F9C436 /* ASIHTTPRequest.m */; };
		176318311453D08E00F9C436 /* ASIInputStream.m in Sources */ = {isa = PBXBuildFile; fileRef = 176318251453D08E00F9C436 /* ASIInputStream.m */; };
		176318321453D08E00F9C436 /* ASINetworkQueue.m in Sources */ = {isa = PBXBuildFile; fileRef = 176318271453D08E00F9C436 /* ASINetworkQueue.m */; };
		176318331453D08E00F9C436 /* Reachability.m in Sources */ = {isa = PBXBuildFile; fileRef = 1763182A1453D08E00F9C436 /* Reachability.m */; };
		176318351453D9CF00F9C436 /* CFNetwork.framework in Frameworks */ = {isa = PBXBuildFile; fileRef = 176318341453D9CF00F9C436 /* CFNetwork.framework */; };
		176318371453D9D600F9C436 /* SystemConfiguration.framework in Frameworks */ = {isa = PBXBuildFile; fileRef = 176318361453D9D600F9C436 /* SystemConfiguration.framework */; };
		176318391453D9DB00F9C436 /* MobileCoreServices.framework in Frameworks */ = {isa = PBXBuildFile; fileRef = 176318381453D9DB00F9C436 /* MobileCoreServices.framework */; };
		1763183B1453D9EC00F9C436 /* libz.1.2.5.dylib in Frameworks */ = {isa = PBXBuildFile; fileRef = 1763183A1453D9EC00F9C436 /* libz.1.2.5.dylib */; };
		17AAAC351453DC5B00B26272 /* WFConnector.framework in Frameworks */ = {isa = PBXBuildFile; fileRef = 17AAAC341453DC5B00B26272 /* WFConnector.framework */; };
		17AAAC361453DC5B00B26272 /* WFConnector.framework in Frameworks */ = {isa = PBXBuildFile; fileRef = 17AAAC341453DC5B00B26272 /* WFConnector.framework */; };
		17E516A2144A4FFC00BB8367 /* SenTestingKit.framework in Frameworks */ = {isa = PBXBuildFile; fileRef = 17F2E31B143BED1A00405FBB /* SenTestingKit.framework */; };
		17E516A3144A4FFC00BB8367 /* UIKit.framework in Frameworks */ = {isa = PBXBuildFile; fileRef = 17F2E2E9143BED1900405FBB /* UIKit.framework */; };
		17E516A4144A4FFC00BB8367 /* Foundation.framework in Frameworks */ = {isa = PBXBuildFile; fileRef = 17F2E2EB143BED1900405FBB /* Foundation.framework */; };
		17E516AA144A4FFC00BB8367 /* InfoPlist.strings in Resources */ = {isa = PBXBuildFile; fileRef = 17E516A8144A4FFC00BB8367 /* InfoPlist.strings */; };
		17E516AD144A4FFC00BB8367 /* GradedExercisesLogicTests.m in Sources */ = {isa = PBXBuildFile; fileRef = 17E516AC144A4FFC00BB8367 /* GradedExercisesLogicTests.m */; };
		17E516B5144A544100BB8367 /* GEDataModel.m in Sources */ = {isa = PBXBuildFile; fileRef = 17491AC7143BFB7300E7135F /* GEDataModel.m */; };
		17E516B6144A545C00BB8367 /* CoreData.framework in Frameworks */ = {isa = PBXBuildFile; fileRef = 17491AC3143BFB2800E7135F /* CoreData.framework */; };
		17E516B7144A595100BB8367 /* GEDataModel.xcdatamodeld in Resources */ = {isa = PBXBuildFile; fileRef = 17491AAD143BF64000E7135F /* GEDataModel.xcdatamodeld */; };
		17E516B9144A598100BB8367 /* GEHeartRateData.m in Sources */ = {isa = PBXBuildFile; fileRef = 17491AE61441789A00E7135F /* GEHeartRateData.m */; };
		17E516BA144A599900BB8367 /* GESensorData.m in Sources */ = {isa = PBXBuildFile; fileRef = 17491AE91441796400E7135F /* GESensorData.m */; };
		17E516BB144A5EBC00BB8367 /* ExternalAccessory.framework in Frameworks */ = {isa = PBXBuildFile; fileRef = 17F2E337143BEE2800405FBB /* ExternalAccessory.framework */; };
		17F2E2EA143BED1900405FBB /* UIKit.framework in Frameworks */ = {isa = PBXBuildFile; fileRef = 17F2E2E9143BED1900405FBB /* UIKit.framework */; };
		17F2E2EC143BED1900405FBB /* Foundation.framework in Frameworks */ = {isa = PBXBuildFile; fileRef = 17F2E2EB143BED1900405FBB /* Foundation.framework */; };
		17F2E2EE143BED1900405FBB /* CoreGraphics.framework in Frameworks */ = {isa = PBXBuildFile; fileRef = 17F2E2ED143BED1900405FBB /* CoreGraphics.framework */; };
		17F2E2F4143BED1900405FBB /* InfoPlist.strings in Resources */ = {isa = PBXBuildFile; fileRef = 17F2E2F2143BED1900405FBB /* InfoPlist.strings */; };
		17F2E2F6143BED1900405FBB /* main.m in Sources */ = {isa = PBXBuildFile; fileRef = 17F2E2F5143BED1900405FBB /* main.m */; };
		17F2E2FA143BED1900405FBB /* RJAppDelegate.m in Sources */ = {isa = PBXBuildFile; fileRef = 17F2E2F9143BED1900405FBB /* RJAppDelegate.m */; };
		17F2E2FD143BED1900405FBB /* RJFirstViewController.m in Sources */ = {isa = PBXBuildFile; fileRef = 17F2E2FC143BED1900405FBB /* RJFirstViewController.m */; };
		17F2E2FF143BED1900405FBB /* first.png in Resources */ = {isa = PBXBuildFile; fileRef = 17F2E2FE143BED1900405FBB /* first.png */; };
		17F2E301143BED1900405FBB /* first@2x.png in Resources */ = {isa = PBXBuildFile; fileRef = 17F2E300143BED1900405FBB /* first@2x.png */; };
		17F2E304143BED1900405FBB /* RJSecondViewController.m in Sources */ = {isa = PBXBuildFile; fileRef = 17F2E303143BED1900405FBB /* RJSecondViewController.m */; };
		17F2E306143BED1900405FBB /* second.png in Resources */ = {isa = PBXBuildFile; fileRef = 17F2E305143BED1900405FBB /* second.png */; };
		17F2E308143BED1900405FBB /* second@2x.png in Resources */ = {isa = PBXBuildFile; fileRef = 17F2E307143BED1900405FBB /* second@2x.png */; };
		17F2E30B143BED1900405FBB /* RJFirstViewController_iPhone.xib in Resources */ = {isa = PBXBuildFile; fileRef = 17F2E309143BED1900405FBB /* RJFirstViewController_iPhone.xib */; };
		17F2E30E143BED1900405FBB /* RJFirstViewController_iPad.xib in Resources */ = {isa = PBXBuildFile; fileRef = 17F2E30C143BED1900405FBB /* RJFirstViewController_iPad.xib */; };
		17F2E311143BED1900405FBB /* RJSecondViewController_iPhone.xib in Resources */ = {isa = PBXBuildFile; fileRef = 17F2E30F143BED1900405FBB /* RJSecondViewController_iPhone.xib */; };
		17F2E314143BED1900405FBB /* RJSecondViewController_iPad.xib in Resources */ = {isa = PBXBuildFile; fileRef = 17F2E312143BED1900405FBB /* RJSecondViewController_iPad.xib */; };
		17F2E338143BEE2800405FBB /* ExternalAccessory.framework in Frameworks */ = {isa = PBXBuildFile; fileRef = 17F2E337143BEE2800405FBB /* ExternalAccessory.framework */; };
/* End PBXBuildFile section */

/* Begin PBXContainerItemProxy section */
		17E516B3144A53FB00BB8367 /* PBXContainerItemProxy */ = {
			isa = PBXContainerItemProxy;
			containerPortal = 17F2E2DC143BED1900405FBB /* Project object */;
			proxyType = 1;
			remoteGlobalIDString = 17F2E2E4143BED1900405FBB;
			remoteInfo = GradedExercises;
		};
/* End PBXContainerItemProxy section */

/* Begin PBXFileReference section */
		17491AAE143BF64000E7135F /* GEDataModel.xcdatamodel */ = {isa = PBXFileReference; lastKnownFileType = wrapper.xcdatamodel; path = GEDataModel.xcdatamodel; sourceTree = "<group>"; };
		17491AB7143BFB0F00E7135F /* GEUser.h */ = {isa = PBXFileReference; fileEncoding = 4; lastKnownFileType = sourcecode.c.h; name = GEUser.h; path = DataModel/GeneratedModels/GEUser.h; sourceTree = "<group>"; };
		17491AB8143BFB0F00E7135F /* GEUser.m */ = {isa = PBXFileReference; fileEncoding = 4; lastKnownFileType = sourcecode.c.objc; name = GEUser.m; path = DataModel/GeneratedModels/GEUser.m; sourceTree = "<group>"; };
		17491ABD143BFB0F00E7135F /* GEWorkout.h */ = {isa = PBXFileReference; fileEncoding = 4; lastKnownFileType = sourcecode.c.h; name = GEWorkout.h; path = DataModel/GeneratedModels/GEWorkout.h; sourceTree = "<group>"; };
		17491ABE143BFB0F00E7135F /* GEWorkout.m */ = {isa = PBXFileReference; fileEncoding = 4; lastKnownFileType = sourcecode.c.objc; name = GEWorkout.m; path = DataModel/GeneratedModels/GEWorkout.m; sourceTree = "<group>"; };
		17491AC3143BFB2800E7135F /* CoreData.framework */ = {isa = PBXFileReference; lastKnownFileType = wrapper.framework; name = CoreData.framework; path = System/Library/Frameworks/CoreData.framework; sourceTree = SDKROOT; };
		17491AC6143BFB7300E7135F /* GEDataModel.h */ = {isa = PBXFileReference; fileEncoding = 4; lastKnownFileType = sourcecode.c.h; name = GEDataModel.h; path = DataModel/GEDataModel.h; sourceTree = "<group>"; };
		17491AC7143BFB7300E7135F /* GEDataModel.m */ = {isa = PBXFileReference; fileEncoding = 4; lastKnownFileType = sourcecode.c.objc; name = GEDataModel.m; path = DataModel/GEDataModel.m; sourceTree = "<group>"; };
		17491ACA143C004F00E7135F /* GEAccessoryHardwareInterface.h */ = {isa = PBXFileReference; fileEncoding = 4; lastKnownFileType = sourcecode.c.h; name = GEAccessoryHardwareInterface.h; path = HardwareInterface/GEAccessoryHardwareInterface.h; sourceTree = "<group>"; };
		17491ACB143C004F00E7135F /* GEAccessoryHardwareInterface.m */ = {isa = PBXFileReference; fileEncoding = 4; lastKnownFileType = sourcecode.c.objc; name = GEAccessoryHardwareInterface.m; path = HardwareInterface/GEAccessoryHardwareInterface.m; sourceTree = "<group>"; };
		17491AD1143C2E3800E7135F /* GEPowerDataManager.h */ = {isa = PBXFileReference; fileEncoding = 4; lastKnownFileType = sourcecode.c.h; name = GEPowerDataManager.h; path = DataManagers/GEPowerDataManager.h; sourceTree = "<group>"; };
		17491AD2143C2E3800E7135F /* GEPowerDataManager.m */ = {isa = PBXFileReference; fileEncoding = 4; lastKnownFileType = sourcecode.c.objc; name = GEPowerDataManager.m; path = DataManagers/GEPowerDataManager.m; sourceTree = "<group>"; };
		17491AD5143C2EFB00E7135F /* GECommonSensorManager.m */ = {isa = PBXFileReference; fileEncoding = 4; lastKnownFileType = sourcecode.c.objc; name = GECommonSensorManager.m; path = DataManagers/GECommonSensorManager.m; sourceTree = "<group>"; };
		17491AD8143C31E200E7135F /* GECommonSensorManager.h */ = {isa = PBXFileReference; fileEncoding = 4; lastKnownFileType = sourcecode.c.h; name = GECommonSensorManager.h; path = DataManagers/GECommonSensorManager.h; sourceTree = "<group>"; };
		17491AD9143C324500E7135F /* GEHeartRateDataManager.h */ = {isa = PBXFileReference; fileEncoding = 4; lastKnownFileType = sourcecode.c.h; name = GEHeartRateDataManager.h; path = DataManagers/GEHeartRateDataManager.h; sourceTree = "<group>"; };
		17491ADA143C324500E7135F /* GEHeartRateDataManager.m */ = {isa = PBXFileReference; fileEncoding = 4; lastKnownFileType = sourcecode.c.objc; name = GEHeartRateDataManager.m; path = DataManagers/GEHeartRateDataManager.m; sourceTree = "<group>"; };
		17491AE21441785B00E7135F /* GEPowerData.h */ = {isa = PBXFileReference; fileEncoding = 4; lastKnownFileType = sourcecode.c.h; name = GEPowerData.h; path = DataModel/GeneratedModels/GEPowerData.h; sourceTree = "<group>"; };
		17491AE31441785B00E7135F /* GEPowerData.m */ = {isa = PBXFileReference; fileEncoding = 4; lastKnownFileType = sourcecode.c.objc; name = GEPowerData.m; path = DataModel/GeneratedModels/GEPowerData.m; sourceTree = "<group>"; };
		17491AE51441789A00E7135F /* GEHeartRateData.h */ = {isa = PBXFileReference; fileEncoding = 4; lastKnownFileType = sourcecode.c.h; name = GEHeartRateData.h; path = DataModel/GeneratedModels/GEHeartRateData.h; sourceTree = "<group>"; };
		17491AE61441789A00E7135F /* GEHeartRateData.m */ = {isa = PBXFileReference; fileEncoding = 4; lastKnownFileType = sourcecode.c.objc; name = GEHeartRateData.m; path = DataModel/GeneratedModels/GEHeartRateData.m; sourceTree = "<group>"; };
		17491AE81441796400E7135F /* GESensorData.h */ = {isa = PBXFileReference; fileEncoding = 4; lastKnownFileType = sourcecode.c.h; name = GESensorData.h; path = DataModel/GeneratedModels/GESensorData.h; sourceTree = "<group>"; };
		17491AE91441796400E7135F /* GESensorData.m */ = {isa = PBXFileReference; fileEncoding = 4; lastKnownFileType = sourcecode.c.objc; name = GESensorData.m; path = DataModel/GeneratedModels/GESensorData.m; sourceTree = "<group>"; };
		176318121453CEF400F9C436 /* WFConnector.framework */ = {isa = PBXFileReference; lastKnownFileType = wrapper.framework; path = WFConnector.framework; sourceTree = "<group>"; };
		176318151453D08E00F9C436 /* ASIAuthenticationDialog.h */ = {isa = PBXFileReference; fileEncoding = 4; lastKnownFileType = sourcecode.c.h; name = ASIAuthenticationDialog.h; path = Network/ASIAuthenticationDialog.h; sourceTree = "<group>"; };
		176318161453D08E00F9C436 /* ASIAuthenticationDialog.m */ = {isa = PBXFileReference; fileEncoding = 4; lastKnownFileType = sourcecode.c.objc; name = ASIAuthenticationDialog.m; path = Network/ASIAuthenticationDialog.m; sourceTree = "<group>"; };
		176318171453D08E00F9C436 /* ASICacheDelegate.h */ = {isa = PBXFileReference; fileEncoding = 4; lastKnownFileType = sourcecode.c.h; name = ASICacheDelegate.h; path = Network/ASICacheDelegate.h; sourceTree = "<group>"; };
		176318181453D08E00F9C436 /* ASIDataCompressor.h */ = {isa = PBXFileReference; fileEncoding = 4; lastKnownFileType = sourcecode.c.h; name = ASIDataCompressor.h; path = Network/ASIDataCompressor.h; sourceTree = "<group>"; };
		176318191453D08E00F9C436 /* ASIDataCompressor.m */ = {isa = PBXFileReference; fileEncoding = 4; lastKnownFileType = sourcecode.c.objc; name = ASIDataCompressor.m; path = Network/ASIDataCompressor.m; sourceTree = "<group>"; };
		1763181A1453D08E00F9C436 /* ASIDataDecompressor.h */ = {isa = PBXFileReference; fileEncoding = 4; lastKnownFileType = sourcecode.c.h; name = ASIDataDecompressor.h; path = Network/ASIDataDecompressor.h; sourceTree = "<group>"; };
		1763181B1453D08E00F9C436 /* ASIDataDecompressor.m */ = {isa = PBXFileReference; fileEncoding = 4; lastKnownFileType = sourcecode.c.objc; name = ASIDataDecompressor.m; path = Network/ASIDataDecompressor.m; sourceTree = "<group>"; };
		1763181C1453D08E00F9C436 /* ASIDownloadCache.h */ = {isa = PBXFileReference; fileEncoding = 4; lastKnownFileType = sourcecode.c.h; name = ASIDownloadCache.h; path = Network/ASIDownloadCache.h; sourceTree = "<group>"; };
		1763181D1453D08E00F9C436 /* ASIDownloadCache.m */ = {isa = PBXFileReference; fileEncoding = 4; lastKnownFileType = sourcecode.c.objc; name = ASIDownloadCache.m; path = Network/ASIDownloadCache.m; sourceTree = "<group>"; };
		1763181E1453D08E00F9C436 /* ASIFormDataRequest.h */ = {isa = PBXFileReference; fileEncoding = 4; lastKnownFileType = sourcecode.c.h; name = ASIFormDataRequest.h; path = Network/ASIFormDataRequest.h; sourceTree = "<group>"; };
		1763181F1453D08E00F9C436 /* ASIFormDataRequest.m */ = {isa = PBXFileReference; fileEncoding = 4; lastKnownFileType = sourcecode.c.objc; name = ASIFormDataRequest.m; path = Network/ASIFormDataRequest.m; sourceTree = "<group>"; };
		176318201453D08E00F9C436 /* ASIHTTPRequest.h */ = {isa = PBXFileReference; fileEncoding = 4; lastKnownFileType = sourcecode.c.h; name = ASIHTTPRequest.h; path = Network/ASIHTTPRequest.h; sourceTree = "<group>"; };
		176318211453D08E00F9C436 /* ASIHTTPRequest.m */ = {isa = PBXFileReference; fileEncoding = 4; lastKnownFileType = sourcecode.c.objc; name = ASIHTTPRequest.m; path = Network/ASIHTTPRequest.m; sourceTree = "<group>"; };
		176318221453D08E00F9C436 /* ASIHTTPRequestConfig.h */ = {isa = PBXFileReference; fileEncoding = 4; lastKnownFileType = sourcecode.c.h; name = ASIHTTPRequestConfig.h; path = Network/ASIHTTPRequestConfig.h; sourceTree = "<group>"; };
		176318231453D08E00F9C436 /* ASIHTTPRequestDelegate.h */ = {isa = PBXFileReference; fileEncoding = 4; lastKnownFileType = sourcecode.c.h; name = ASIHTTPRequestDelegate.h; path = Network/ASIHTTPRequestDelegate.h; sourceTree = "<group>"; };
		176318241453D08E00F9C436 /* ASIInputStream.h */ = {isa = PBXFileReference; fileEncoding = 4; lastKnownFileType = sourcecode.c.h; name = ASIInputStream.h; path = Network/ASIInputStream.h; sourceTree = "<group>"; };
		176318251453D08E00F9C436 /* ASIInputStream.m */ = {isa = PBXFileReference; fileEncoding = 4; lastKnownFileType = sourcecode.c.objc; name = ASIInputStream.m; path = Network/ASIInputStream.m; sourceTree = "<group>"; };
		176318261453D08E00F9C436 /* ASINetworkQueue.h */ = {isa = PBXFileReference; fileEncoding = 4; lastKnownFileType = sourcecode.c.h; name = ASINetworkQueue.h; path = Network/ASINetworkQueue.h; sourceTree = "<group>"; };
		176318271453D08E00F9C436 /* ASINetworkQueue.m */ = {isa = PBXFileReference; fileEncoding = 4; lastKnownFileType = sourcecode.c.objc; name = ASINetworkQueue.m; path = Network/ASINetworkQueue.m; sourceTree = "<group>"; };
		176318281453D08E00F9C436 /* ASIProgressDelegate.h */ = {isa = PBXFileReference; fileEncoding = 4; lastKnownFileType = sourcecode.c.h; name = ASIProgressDelegate.h; path = Network/ASIProgressDelegate.h; sourceTree = "<group>"; };
		176318291453D08E00F9C436 /* Reachability.h */ = {isa = PBXFileReference; fileEncoding = 4; lastKnownFileType = sourcecode.c.h; name = Reachability.h; path = Network/Reachability.h; sourceTree = "<group>"; };
		1763182A1453D08E00F9C436 /* Reachability.m */ = {isa = PBXFileReference; fileEncoding = 4; lastKnownFileType = sourcecode.c.objc; name = Reachability.m; path = Network/Reachability.m; sourceTree = "<group>"; };
		176318341453D9CF00F9C436 /* CFNetwork.framework */ = {isa = PBXFileReference; lastKnownFileType = wrapper.framework; name = CFNetwork.framework; path = System/Library/Frameworks/CFNetwork.framework; sourceTree = SDKROOT; };
		176318361453D9D600F9C436 /* SystemConfiguration.framework */ = {isa = PBXFileReference; lastKnownFileType = wrapper.framework; name = SystemConfiguration.framework; path = System/Library/Frameworks/SystemConfiguration.framework; sourceTree = SDKROOT; };
		176318381453D9DB00F9C436 /* MobileCoreServices.framework */ = {isa = PBXFileReference; lastKnownFileType = wrapper.framework; name = MobileCoreServices.framework; path = System/Library/Frameworks/MobileCoreServices.framework; sourceTree = SDKROOT; };
		1763183A1453D9EC00F9C436 /* libz.1.2.5.dylib */ = {isa = PBXFileReference; lastKnownFileType = "compiled.mach-o.dylib"; name = libz.1.2.5.dylib; path = usr/lib/libz.1.2.5.dylib; sourceTree = SDKROOT; };
		17AAAC341453DC5B00B26272 /* WFConnector.framework */ = {isa = PBXFileReference; lastKnownFileType = wrapper.framework; path = WFConnector.framework; sourceTree = "<group>"; };
		17E516A1144A4FFC00BB8367 /* GradedExercisesLogicTests.octest */ = {isa = PBXFileReference; explicitFileType = wrapper.cfbundle; includeInIndex = 0; path = GradedExercisesLogicTests.octest; sourceTree = BUILT_PRODUCTS_DIR; };
		17E516A7144A4FFC00BB8367 /* GradedExercisesLogicTests-Info.plist */ = {isa = PBXFileReference; lastKnownFileType = text.plist.xml; path = "GradedExercisesLogicTests-Info.plist"; sourceTree = "<group>"; };
		17E516A9144A4FFC00BB8367 /* en */ = {isa = PBXFileReference; lastKnownFileType = text.plist.strings; name = en; path = en.lproj/InfoPlist.strings; sourceTree = "<group>"; };
		17E516AB144A4FFC00BB8367 /* GradedExercisesLogicTests.h */ = {isa = PBXFileReference; lastKnownFileType = sourcecode.c.h; path = GradedExercisesLogicTests.h; sourceTree = "<group>"; };
		17E516AC144A4FFC00BB8367 /* GradedExercisesLogicTests.m */ = {isa = PBXFileReference; lastKnownFileType = sourcecode.c.objc; path = GradedExercisesLogicTests.m; sourceTree = "<group>"; };
		17E516AE144A4FFC00BB8367 /* GradedExercisesLogicTests-Prefix.pch */ = {isa = PBXFileReference; lastKnownFileType = sourcecode.c.h; path = "GradedExercisesLogicTests-Prefix.pch"; sourceTree = "<group>"; };
		17F2E2E5143BED1900405FBB /* GradedExercises.app */ = {isa = PBXFileReference; explicitFileType = wrapper.application; includeInIndex = 0; path = GradedExercises.app; sourceTree = BUILT_PRODUCTS_DIR; };
		17F2E2E9143BED1900405FBB /* UIKit.framework */ = {isa = PBXFileReference; lastKnownFileType = wrapper.framework; name = UIKit.framework; path = System/Library/Frameworks/UIKit.framework; sourceTree = SDKROOT; };
		17F2E2EB143BED1900405FBB /* Foundation.framework */ = {isa = PBXFileReference; lastKnownFileType = wrapper.framework; name = Foundation.framework; path = System/Library/Frameworks/Foundation.framework; sourceTree = SDKROOT; };
		17F2E2ED143BED1900405FBB /* CoreGraphics.framework */ = {isa = PBXFileReference; lastKnownFileType = wrapper.framework; name = CoreGraphics.framework; path = System/Library/Frameworks/CoreGraphics.framework; sourceTree = SDKROOT; };
		17F2E2F1143BED1900405FBB /* GradedExercises-Info.plist */ = {isa = PBXFileReference; lastKnownFileType = text.plist.xml; path = "GradedExercises-Info.plist"; sourceTree = "<group>"; };
		17F2E2F3143BED1900405FBB /* en */ = {isa = PBXFileReference; lastKnownFileType = text.plist.strings; name = en; path = en.lproj/InfoPlist.strings; sourceTree = "<group>"; };
		17F2E2F5143BED1900405FBB /* main.m */ = {isa = PBXFileReference; lastKnownFileType = sourcecode.c.objc; path = main.m; sourceTree = "<group>"; };
		17F2E2F7143BED1900405FBB /* GradedExercises-Prefix.pch */ = {isa = PBXFileReference; lastKnownFileType = sourcecode.c.h; path = "GradedExercises-Prefix.pch"; sourceTree = "<group>"; };
		17F2E2F8143BED1900405FBB /* RJAppDelegate.h */ = {isa = PBXFileReference; lastKnownFileType = sourcecode.c.h; path = RJAppDelegate.h; sourceTree = "<group>"; };
		17F2E2F9143BED1900405FBB /* RJAppDelegate.m */ = {isa = PBXFileReference; lastKnownFileType = sourcecode.c.objc; path = RJAppDelegate.m; sourceTree = "<group>"; };
		17F2E2FB143BED1900405FBB /* RJFirstViewController.h */ = {isa = PBXFileReference; lastKnownFileType = sourcecode.c.h; path = RJFirstViewController.h; sourceTree = "<group>"; };
		17F2E2FC143BED1900405FBB /* RJFirstViewController.m */ = {isa = PBXFileReference; lastKnownFileType = sourcecode.c.objc; path = RJFirstViewController.m; sourceTree = "<group>"; };
		17F2E2FE143BED1900405FBB /* first.png */ = {isa = PBXFileReference; lastKnownFileType = image.png; path = first.png; sourceTree = "<group>"; };
		17F2E300143BED1900405FBB /* first@2x.png */ = {isa = PBXFileReference; lastKnownFileType = image.png; path = "first@2x.png"; sourceTree = "<group>"; };
		17F2E302143BED1900405FBB /* RJSecondViewController.h */ = {isa = PBXFileReference; lastKnownFileType = sourcecode.c.h; path = RJSecondViewController.h; sourceTree = "<group>"; };
		17F2E303143BED1900405FBB /* RJSecondViewController.m */ = {isa = PBXFileReference; lastKnownFileType = sourcecode.c.objc; path = RJSecondViewController.m; sourceTree = "<group>"; };
		17F2E305143BED1900405FBB /* second.png */ = {isa = PBXFileReference; lastKnownFileType = image.png; path = second.png; sourceTree = "<group>"; };
		17F2E307143BED1900405FBB /* second@2x.png */ = {isa = PBXFileReference; lastKnownFileType = image.png; path = "second@2x.png"; sourceTree = "<group>"; };
		17F2E30A143BED1900405FBB /* en */ = {isa = PBXFileReference; lastKnownFileType = file.xib; name = en; path = en.lproj/RJFirstViewController_iPhone.xib; sourceTree = "<group>"; };
		17F2E30D143BED1900405FBB /* en */ = {isa = PBXFileReference; lastKnownFileType = file.xib; name = en; path = en.lproj/RJFirstViewController_iPad.xib; sourceTree = "<group>"; };
		17F2E310143BED1900405FBB /* en */ = {isa = PBXFileReference; lastKnownFileType = file.xib; name = en; path = en.lproj/RJSecondViewController_iPhone.xib; sourceTree = "<group>"; };
		17F2E313143BED1900405FBB /* en */ = {isa = PBXFileReference; lastKnownFileType = file.xib; name = en; path = en.lproj/RJSecondViewController_iPad.xib; sourceTree = "<group>"; };
		17F2E31B143BED1A00405FBB /* SenTestingKit.framework */ = {isa = PBXFileReference; lastKnownFileType = wrapper.framework; name = SenTestingKit.framework; path = Library/Frameworks/SenTestingKit.framework; sourceTree = DEVELOPER_DIR; };
		17F2E337143BEE2800405FBB /* ExternalAccessory.framework */ = {isa = PBXFileReference; lastKnownFileType = wrapper.framework; name = ExternalAccessory.framework; path = System/Library/Frameworks/ExternalAccessory.framework; sourceTree = SDKROOT; };
/* End PBXFileReference section */

/* Begin PBXFrameworksBuildPhase section */
		17E5169D144A4FFC00BB8367 /* Frameworks */ = {
			isa = PBXFrameworksBuildPhase;
			buildActionMask = 2147483647;
			files = (
				17E516A2144A4FFC00BB8367 /* SenTestingKit.framework in Frameworks */,
				17E516B6144A545C00BB8367 /* CoreData.framework in Frameworks */,
				17E516A3144A4FFC00BB8367 /* UIKit.framework in Frameworks */,
				17E516A4144A4FFC00BB8367 /* Foundation.framework in Frameworks */,
				17E516BB144A5EBC00BB8367 /* ExternalAccessory.framework in Frameworks */,
				17AAAC361453DC5B00B26272 /* WFConnector.framework in Frameworks */,
			);
			runOnlyForDeploymentPostprocessing = 0;
		};
		17F2E2E2143BED1900405FBB /* Frameworks */ = {
			isa = PBXFrameworksBuildPhase;
			buildActionMask = 2147483647;
			files = (
				1763183B1453D9EC00F9C436 /* libz.1.2.5.dylib in Frameworks */,
				17F2E2EE143BED1900405FBB /* CoreGraphics.framework in Frameworks */,
				176318391453D9DB00F9C436 /* MobileCoreServices.framework in Frameworks */,
				176318371453D9D600F9C436 /* SystemConfiguration.framework in Frameworks */,
				176318351453D9CF00F9C436 /* CFNetwork.framework in Frameworks */,
				17491AC5143BFB5700E7135F /* CoreData.framework in Frameworks */,
				17F2E2EA143BED1900405FBB /* UIKit.framework in Frameworks */,
				17F2E338143BEE2800405FBB /* ExternalAccessory.framework in Frameworks */,
				17F2E2EC143BED1900405FBB /* Foundation.framework in Frameworks */,
				176318131453CEF400F9C436 /* WFConnector.framework in Frameworks */,
				17AAAC351453DC5B00B26272 /* WFConnector.framework in Frameworks */,
			);
			runOnlyForDeploymentPostprocessing = 0;
		};
/* End PBXFrameworksBuildPhase section */

/* Begin PBXGroup section */
		17491AA9143BF60F00E7135F /* DataModel */ = {
			isa = PBXGroup;
			children = (
				17491AD7143C308200E7135F /* DataManagers */,
				17491AB0143BF64900E7135F /* GeneratedModels */,
				17491AAD143BF64000E7135F /* GEDataModel.xcdatamodeld */,
				17491AC6143BFB7300E7135F /* GEDataModel.h */,
				17491AC7143BFB7300E7135F /* GEDataModel.m */,
			);
			name = DataModel;
			sourceTree = "<group>";
		};
		17491AB0143BF64900E7135F /* GeneratedModels */ = {
			isa = PBXGroup;
			children = (
				17491AE81441796400E7135F /* GESensorData.h */,
				17491AE91441796400E7135F /* GESensorData.m */,
				17491AE51441789A00E7135F /* GEHeartRateData.h */,
				17491AE61441789A00E7135F /* GEHeartRateData.m */,
				17491AE21441785B00E7135F /* GEPowerData.h */,
				17491AE31441785B00E7135F /* GEPowerData.m */,
				17491ABD143BFB0F00E7135F /* GEWorkout.h */,
				17491ABE143BFB0F00E7135F /* GEWorkout.m */,
				17491AB7143BFB0F00E7135F /* GEUser.h */,
				17491AB8143BFB0F00E7135F /* GEUser.m */,
			);
			name = GeneratedModels;
			sourceTree = "<group>";
		};
		17491AC9143C001A00E7135F /* Hardware Interface */ = {
			isa = PBXGroup;
			children = (
				17491ACA143C004F00E7135F /* GEAccessoryHardwareInterface.h */,
				17491ACB143C004F00E7135F /* GEAccessoryHardwareInterface.m */,
			);
			name = "Hardware Interface";
			sourceTree = "<group>";
		};
		17491AD7143C308200E7135F /* DataManagers */ = {
			isa = PBXGroup;
			children = (
				17491AD8143C31E200E7135F /* GECommonSensorManager.h */,
				17491AD5143C2EFB00E7135F /* GECommonSensorManager.m */,
				17491AD9143C324500E7135F /* GEHeartRateDataManager.h */,
				17491ADA143C324500E7135F /* GEHeartRateDataManager.m */,
				17491AD1143C2E3800E7135F /* GEPowerDataManager.h */,
				17491AD2143C2E3800E7135F /* GEPowerDataManager.m */,
			);
			name = DataManagers;
			sourceTree = "<group>";
		};
		176318141453D02E00F9C436 /* Network */ = {
			isa = PBXGroup;
			children = (
				176318151453D08E00F9C436 /* ASIAuthenticationDialog.h */,
				176318161453D08E00F9C436 /* ASIAuthenticationDialog.m */,
				176318171453D08E00F9C436 /* ASICacheDelegate.h */,
				176318181453D08E00F9C436 /* ASIDataCompressor.h */,
				176318191453D08E00F9C436 /* ASIDataCompressor.m */,
				1763181A1453D08E00F9C436 /* ASIDataDecompressor.h */,
				1763181B1453D08E00F9C436 /* ASIDataDecompressor.m */,
				1763181C1453D08E00F9C436 /* ASIDownloadCache.h */,
				1763181D1453D08E00F9C436 /* ASIDownloadCache.m */,
				1763181E1453D08E00F9C436 /* ASIFormDataRequest.h */,
				1763181F1453D08E00F9C436 /* ASIFormDataRequest.m */,
				176318201453D08E00F9C436 /* ASIHTTPRequest.h */,
				176318211453D08E00F9C436 /* ASIHTTPRequest.m */,
				176318221453D08E00F9C436 /* ASIHTTPRequestConfig.h */,
				176318231453D08E00F9C436 /* ASIHTTPRequestDelegate.h */,
				176318241453D08E00F9C436 /* ASIInputStream.h */,
				176318251453D08E00F9C436 /* ASIInputStream.m */,
				176318261453D08E00F9C436 /* ASINetworkQueue.h */,
				176318271453D08E00F9C436 /* ASINetworkQueue.m */,
				176318281453D08E00F9C436 /* ASIProgressDelegate.h */,
				176318291453D08E00F9C436 /* Reachability.h */,
				1763182A1453D08E00F9C436 /* Reachability.m */,
			);
			name = Network;
			sourceTree = "<group>";
		};
		17E516A5144A4FFC00BB8367 /* GradedExercisesLogicTests */ = {
			isa = PBXGroup;
			children = (
				17E516AB144A4FFC00BB8367 /* GradedExercisesLogicTests.h */,
				17E516AC144A4FFC00BB8367 /* GradedExercisesLogicTests.m */,
				17E516A6144A4FFC00BB8367 /* Supporting Files */,
			);
			path = GradedExercisesLogicTests;
			sourceTree = "<group>";
		};
		17E516A6144A4FFC00BB8367 /* Supporting Files */ = {
			isa = PBXGroup;
			children = (
				17E516A7144A4FFC00BB8367 /* GradedExercisesLogicTests-Info.plist */,
				17E516A8144A4FFC00BB8367 /* InfoPlist.strings */,
				17E516AE144A4FFC00BB8367 /* GradedExercisesLogicTests-Prefix.pch */,
			);
			name = "Supporting Files";
			sourceTree = "<group>";
		};
		17F2E2DA143BED1900405FBB = {
			isa = PBXGroup;
			children = (
				17F2E2EF143BED1900405FBB /* GradedExercises */,
				17E516A5144A4FFC00BB8367 /* GradedExercisesLogicTests */,
				17F2E2E8143BED1900405FBB /* Frameworks */,
				17F2E2E6143BED1900405FBB /* Products */,
			);
			sourceTree = "<group>";
		};
		17F2E2E6143BED1900405FBB /* Products */ = {
			isa = PBXGroup;
			children = (
				17F2E2E5143BED1900405FBB /* GradedExercises.app */,
				17E516A1144A4FFC00BB8367 /* GradedExercisesLogicTests.octest */,
			);
			name = Products;
			sourceTree = "<group>";
		};
		17F2E2E8143BED1900405FBB /* Frameworks */ = {
			isa = PBXGroup;
			children = (
				17AAAC341453DC5B00B26272 /* WFConnector.framework */,
				1763183A1453D9EC00F9C436 /* libz.1.2.5.dylib */,
				176318381453D9DB00F9C436 /* MobileCoreServices.framework */,
				176318361453D9D600F9C436 /* SystemConfiguration.framework */,
				176318341453D9CF00F9C436 /* CFNetwork.framework */,
				176318121453CEF400F9C436 /* WFConnector.framework */,
				17491AC3143BFB2800E7135F /* CoreData.framework */,
				17F2E337143BEE2800405FBB /* ExternalAccessory.framework */,
				17F2E2E9143BED1900405FBB /* UIKit.framework */,
				17F2E2EB143BED1900405FBB /* Foundation.framework */,
				17F2E2ED143BED1900405FBB /* CoreGraphics.framework */,
				17F2E31B143BED1A00405FBB /* SenTestingKit.framework */,
			);
			name = Frameworks;
			sourceTree = "<group>";
		};
		17F2E2EF143BED1900405FBB /* GradedExercises */ = {
			isa = PBXGroup;
			children = (
				176318141453D02E00F9C436 /* Network */,
				17491AC9143C001A00E7135F /* Hardware Interface */,
				17491AA9143BF60F00E7135F /* DataModel */,
				17F2E2F8143BED1900405FBB /* RJAppDelegate.h */,
				17F2E2F9143BED1900405FBB /* RJAppDelegate.m */,
				17F2E2FB143BED1900405FBB /* RJFirstViewController.h */,
				17F2E2FC143BED1900405FBB /* RJFirstViewController.m */,
				17F2E2FE143BED1900405FBB /* first.png */,
				17F2E300143BED1900405FBB /* first@2x.png */,
				17F2E302143BED1900405FBB /* RJSecondViewController.h */,
				17F2E303143BED1900405FBB /* RJSecondViewController.m */,
				17F2E305143BED1900405FBB /* second.png */,
				17F2E307143BED1900405FBB /* second@2x.png */,
				17F2E309143BED1900405FBB /* RJFirstViewController_iPhone.xib */,
				17F2E30C143BED1900405FBB /* RJFirstViewController_iPad.xib */,
				17F2E30F143BED1900405FBB /* RJSecondViewController_iPhone.xib */,
				17F2E312143BED1900405FBB /* RJSecondViewController_iPad.xib */,
				17F2E2F0143BED1900405FBB /* Supporting Files */,
			);
			path = GradedExercises;
			sourceTree = "<group>";
		};
		17F2E2F0143BED1900405FBB /* Supporting Files */ = {
			isa = PBXGroup;
			children = (
				17F2E2F1143BED1900405FBB /* GradedExercises-Info.plist */,
				17F2E2F2143BED1900405FBB /* InfoPlist.strings */,
				17F2E2F5143BED1900405FBB /* main.m */,
				17F2E2F7143BED1900405FBB /* GradedExercises-Prefix.pch */,
			);
			name = "Supporting Files";
			sourceTree = "<group>";
		};
/* End PBXGroup section */

/* Begin PBXNativeTarget section */
		17E516A0144A4FFC00BB8367 /* GradedExercisesLogicTests */ = {
			isa = PBXNativeTarget;
			buildConfigurationList = 17E516AF144A4FFC00BB8367 /* Build configuration list for PBXNativeTarget "GradedExercisesLogicTests" */;
			buildPhases = (
				17E5169C144A4FFC00BB8367 /* Sources */,
				17E5169D144A4FFC00BB8367 /* Frameworks */,
				17E5169E144A4FFC00BB8367 /* Resources */,
				17E5169F144A4FFC00BB8367 /* ShellScript */,
			);
			buildRules = (
			);
			dependencies = (
				17E516B4144A53FB00BB8367 /* PBXTargetDependency */,
			);
			name = GradedExercisesLogicTests;
			productName = GradedExercisesLogicTests;
			productReference = 17E516A1144A4FFC00BB8367 /* GradedExercisesLogicTests.octest */;
			productType = "com.apple.product-type.bundle";
		};
		17F2E2E4143BED1900405FBB /* GradedExercises */ = {
			isa = PBXNativeTarget;
			buildConfigurationList = 17F2E32C143BED1A00405FBB /* Build configuration list for PBXNativeTarget "GradedExercises" */;
			buildPhases = (
				17F2E2E1143BED1900405FBB /* Sources */,
				17F2E2E2143BED1900405FBB /* Frameworks */,
				17F2E2E3143BED1900405FBB /* Resources */,
			);
			buildRules = (
			);
			dependencies = (
			);
			name = GradedExercises;
			productName = GradedExercises;
			productReference = 17F2E2E5143BED1900405FBB /* GradedExercises.app */;
			productType = "com.apple.product-type.application";
		};
/* End PBXNativeTarget section */

/* Begin PBXProject section */
		17F2E2DC143BED1900405FBB /* Project object */ = {
			isa = PBXProject;
			attributes = {
				LastUpgradeCheck = 0420;
			};
			buildConfigurationList = 17F2E2DF143BED1900405FBB /* Build configuration list for PBXProject "GradedExercises" */;
			compatibilityVersion = "Xcode 3.2";
			developmentRegion = English;
			hasScannedForEncodings = 0;
			knownRegions = (
				en,
			);
			mainGroup = 17F2E2DA143BED1900405FBB;
			productRefGroup = 17F2E2E6143BED1900405FBB /* Products */;
			projectDirPath = "";
			projectRoot = "";
			targets = (
				17F2E2E4143BED1900405FBB /* GradedExercises */,
				17E516A0144A4FFC00BB8367 /* GradedExercisesLogicTests */,
			);
		};
/* End PBXProject section */

/* Begin PBXResourcesBuildPhase section */
		17E5169E144A4FFC00BB8367 /* Resources */ = {
			isa = PBXResourcesBuildPhase;
			buildActionMask = 2147483647;
			files = (
				17E516AA144A4FFC00BB8367 /* InfoPlist.strings in Resources */,
				17E516B7144A595100BB8367 /* GEDataModel.xcdatamodeld in Resources */,
			);
			runOnlyForDeploymentPostprocessing = 0;
		};
		17F2E2E3143BED1900405FBB /* Resources */ = {
			isa = PBXResourcesBuildPhase;
			buildActionMask = 2147483647;
			files = (
				17F2E2F4143BED1900405FBB /* InfoPlist.strings in Resources */,
				17F2E2FF143BED1900405FBB /* first.png in Resources */,
				17F2E301143BED1900405FBB /* first@2x.png in Resources */,
				17F2E306143BED1900405FBB /* second.png in Resources */,
				17F2E308143BED1900405FBB /* second@2x.png in Resources */,
				17F2E30B143BED1900405FBB /* RJFirstViewController_iPhone.xib in Resources */,
				17F2E30E143BED1900405FBB /* RJFirstViewController_iPad.xib in Resources */,
				17F2E311143BED1900405FBB /* RJSecondViewController_iPhone.xib in Resources */,
				17F2E314143BED1900405FBB /* RJSecondViewController_iPad.xib in Resources */,
			);
			runOnlyForDeploymentPostprocessing = 0;
		};
/* End PBXResourcesBuildPhase section */

/* Begin PBXShellScriptBuildPhase section */
		17E5169F144A4FFC00BB8367 /* ShellScript */ = {
			isa = PBXShellScriptBuildPhase;
			buildActionMask = 2147483647;
			files = (
			);
			inputPaths = (
			);
			outputPaths = (
			);
			runOnlyForDeploymentPostprocessing = 0;
			shellPath = /bin/sh;
			shellScript = "# Run the unit tests in this test bundle.\n\"${SYSTEM_DEVELOPER_DIR}/Tools/RunUnitTests\"\n";
		};
/* End PBXShellScriptBuildPhase section */

/* Begin PBXSourcesBuildPhase section */
		17E5169C144A4FFC00BB8367 /* Sources */ = {
			isa = PBXSourcesBuildPhase;
			buildActionMask = 2147483647;
			files = (
				17E516B5144A544100BB8367 /* GEDataModel.m in Sources */,
				17E516AD144A4FFC00BB8367 /* GradedExercisesLogicTests.m in Sources */,
				17E516BA144A599900BB8367 /* GESensorData.m in Sources */,
				17E516B9144A598100BB8367 /* GEHeartRateData.m in Sources */,
			);
			runOnlyForDeploymentPostprocessing = 0;
		};
		17F2E2E1143BED1900405FBB /* Sources */ = {
			isa = PBXSourcesBuildPhase;
			buildActionMask = 2147483647;
			files = (
				17F2E2F6143BED1900405FBB /* main.m in Sources */,
				17F2E2FA143BED1900405FBB /* RJAppDelegate.m in Sources */,
				17F2E2FD143BED1900405FBB /* RJFirstViewController.m in Sources */,
				17F2E304143BED1900405FBB /* RJSecondViewController.m in Sources */,
				17491AAF143BF64000E7135F /* GEDataModel.xcdatamodeld in Sources */,
				17491AB9143BFB0F00E7135F /* GEUser.m in Sources */,
				17491ABF143BFB0F00E7135F /* GEWorkout.m in Sources */,
				17491AC8143BFB7300E7135F /* GEDataModel.m in Sources */,
				17491ACC143C004F00E7135F /* GEAccessoryHardwareInterface.m in Sources */,
				17491AD3143C2E3900E7135F /* GEPowerDataManager.m in Sources */,
				17491AD6143C2EFB00E7135F /* GECommonSensorManager.m in Sources */,
				17491ADB143C324500E7135F /* GEHeartRateDataManager.m in Sources */,
				17491AE41441785B00E7135F /* GEPowerData.m in Sources */,
				17491AE71441789A00E7135F /* GEHeartRateData.m in Sources */,
				17491AEA1441796400E7135F /* GESensorData.m in Sources */,
				1763182B1453D08E00F9C436 /* ASIAuthenticationDialog.m in Sources */,
				1763182C1453D08E00F9C436 /* ASIDataCompressor.m in Sources */,
				1763182D1453D08E00F9C436 /* ASIDataDecompressor.m in Sources */,
				1763182E1453D08E00F9C436 /* ASIDownloadCache.m in Sources */,
				1763182F1453D08E00F9C436 /* ASIFormDataRequest.m in Sources */,
				176318301453D08E00F9C436 /* ASIHTTPRequest.m in Sources */,
				176318311453D08E00F9C436 /* ASIInputStream.m in Sources */,
				176318321453D08E00F9C436 /* ASINetworkQueue.m in Sources */,
				176318331453D08E00F9C436 /* Reachability.m in Sources */,
			);
			runOnlyForDeploymentPostprocessing = 0;
		};
/* End PBXSourcesBuildPhase section */

/* Begin PBXTargetDependency section */
		17E516B4144A53FB00BB8367 /* PBXTargetDependency */ = {
			isa = PBXTargetDependency;
			target = 17F2E2E4143BED1900405FBB /* GradedExercises */;
			targetProxy = 17E516B3144A53FB00BB8367 /* PBXContainerItemProxy */;
		};
/* End PBXTargetDependency section */

/* Begin PBXVariantGroup section */
		17E516A8144A4FFC00BB8367 /* InfoPlist.strings */ = {
			isa = PBXVariantGroup;
			children = (
				17E516A9144A4FFC00BB8367 /* en */,
			);
			name = InfoPlist.strings;
			sourceTree = "<group>";
		};
		17F2E2F2143BED1900405FBB /* InfoPlist.strings */ = {
			isa = PBXVariantGroup;
			children = (
				17F2E2F3143BED1900405FBB /* en */,
			);
			name = InfoPlist.strings;
			sourceTree = "<group>";
		};
		17F2E309143BED1900405FBB /* RJFirstViewController_iPhone.xib */ = {
			isa = PBXVariantGroup;
			children = (
				17F2E30A143BED1900405FBB /* en */,
			);
			name = RJFirstViewController_iPhone.xib;
			sourceTree = "<group>";
		};
		17F2E30C143BED1900405FBB /* RJFirstViewController_iPad.xib */ = {
			isa = PBXVariantGroup;
			children = (
				17F2E30D143BED1900405FBB /* en */,
			);
			name = RJFirstViewController_iPad.xib;
			sourceTree = "<group>";
		};
		17F2E30F143BED1900405FBB /* RJSecondViewController_iPhone.xib */ = {
			isa = PBXVariantGroup;
			children = (
				17F2E310143BED1900405FBB /* en */,
			);
			name = RJSecondViewController_iPhone.xib;
			sourceTree = "<group>";
		};
		17F2E312143BED1900405FBB /* RJSecondViewController_iPad.xib */ = {
			isa = PBXVariantGroup;
			children = (
				17F2E313143BED1900405FBB /* en */,
			);
			name = RJSecondViewController_iPad.xib;
			sourceTree = "<group>";
		};
/* End PBXVariantGroup section */

/* Begin XCBuildConfiguration section */
		17E516B0144A4FFC00BB8367 /* Debug */ = {
			isa = XCBuildConfiguration;
			buildSettings = {
				FRAMEWORK_SEARCH_PATHS = (
					"$(SDKROOT)/Developer/Library/Frameworks",
					"$(DEVELOPER_LIBRARY_DIR)/Frameworks",
					"\"$(SRCROOT)/../../Dropbox/wf_api_2.0/dependencies\"",
					"\"$(SRCROOT)\"",
				);
				GCC_PRECOMPILE_PREFIX_HEADER = YES;
				GCC_PREFIX_HEADER = "GradedExercisesLogicTests/GradedExercisesLogicTests-Prefix.pch";
				INFOPLIST_FILE = "GradedExercisesLogicTests/GradedExercisesLogicTests-Info.plist";
				OTHER_LDFLAGS = (
					"-cclib",
					"-lstdc++",
				);
				PRODUCT_NAME = "$(TARGET_NAME)";
				WRAPPER_EXTENSION = octest;
			};
			name = Debug;
		};
		17E516B1144A4FFC00BB8367 /* Release */ = {
			isa = XCBuildConfiguration;
			buildSettings = {
				FRAMEWORK_SEARCH_PATHS = (
					"$(SDKROOT)/Developer/Library/Frameworks",
					"$(DEVELOPER_LIBRARY_DIR)/Frameworks",
					"\"$(SRCROOT)/../../Dropbox/wf_api_2.0/dependencies\"",
					"\"$(SRCROOT)\"",
				);
				GCC_PRECOMPILE_PREFIX_HEADER = YES;
				GCC_PREFIX_HEADER = "GradedExercisesLogicTests/GradedExercisesLogicTests-Prefix.pch";
				INFOPLIST_FILE = "GradedExercisesLogicTests/GradedExercisesLogicTests-Info.plist";
				OTHER_LDFLAGS = (
					"-cclib",
					"-lstdc++",
				);
				PRODUCT_NAME = "$(TARGET_NAME)";
				WRAPPER_EXTENSION = octest;
			};
			name = Release;
		};
		17F2E32A143BED1A00405FBB /* Debug */ = {
			isa = XCBuildConfiguration;
			buildSettings = {
				ALWAYS_SEARCH_USER_PATHS = YES;
				ARCHS = "$(ARCHS_STANDARD_32_BIT)";
				"CODE_SIGN_IDENTITY[sdk=iphoneos*]" = "iPhone Developer";
				COPY_PHASE_STRIP = NO;
				GCC_C_LANGUAGE_STANDARD = gnu99;
				GCC_DYNAMIC_NO_PIC = NO;
				GCC_OPTIMIZATION_LEVEL = 0;
				GCC_PREPROCESSOR_DEFINITIONS = (
					"DEBUG=1",
					"$(inherited)",
				);
				GCC_SYMBOLS_PRIVATE_EXTERN = NO;
				GCC_VERSION = com.apple.compilers.llvm.clang.1_0;
				GCC_WARN_ABOUT_MISSING_PROTOTYPES = YES;
				GCC_WARN_ABOUT_RETURN_TYPE = YES;
				GCC_WARN_UNUSED_VARIABLE = YES;
				HEADER_SEARCH_PATHS = "";
				IPHONEOS_DEPLOYMENT_TARGET = 4.3;
				LIBRARY_SEARCH_PATHS = "";
				OTHER_LDFLAGS = (
					"--lstdc++",
					"-all_load",
				);
				SDKROOT = iphoneos;
				TARGETED_DEVICE_FAMILY = "1,2";
				USER_HEADER_SEARCH_PATHS = "";
			};
			name = Debug;
		};
		17F2E32B143BED1A00405FBB /* Release */ = {
			isa = XCBuildConfiguration;
			buildSettings = {
				ALWAYS_SEARCH_USER_PATHS = YES;
				ARCHS = "$(ARCHS_STANDARD_32_BIT)";
				"CODE_SIGN_IDENTITY[sdk=iphoneos*]" = "iPhone Developer";
				COPY_PHASE_STRIP = YES;
				GCC_C_LANGUAGE_STANDARD = gnu99;
				GCC_VERSION = com.apple.compilers.llvm.clang.1_0;
				GCC_WARN_ABOUT_MISSING_PROTOTYPES = YES;
				GCC_WARN_ABOUT_RETURN_TYPE = YES;
				GCC_WARN_UNUSED_VARIABLE = YES;
				HEADER_SEARCH_PATHS = "";
				IPHONEOS_DEPLOYMENT_TARGET = 4.3;
				LIBRARY_SEARCH_PATHS = "";
				OTHER_CFLAGS = "-DNS_BLOCK_ASSERTIONS=1";
				OTHER_LDFLAGS = (
					"--lstdc++",
					"-all_load",
				);
				SDKROOT = iphoneos;
				TARGETED_DEVICE_FAMILY = "1,2";
				USER_HEADER_SEARCH_PATHS = "";
				VALIDATE_PRODUCT = YES;
			};
			name = Release;
		};
		17F2E32D143BED1A00405FBB /* Debug */ = {
			isa = XCBuildConfiguration;
			buildSettings = {
				FRAMEWORK_SEARCH_PATHS = (
					"$(inherited)",
					"\"$(SRCROOT)\"",
				);
				GCC_PRECOMPILE_PREFIX_HEADER = YES;
				GCC_PREFIX_HEADER = "GradedExercises/GradedExercises-Prefix.pch";
				INFOPLIST_FILE = "GradedExercises/GradedExercises-Info.plist";
				LIBRARY_SEARCH_PATHS = "";
				OTHER_LDFLAGS = (
					"-lstdc++",
					"-all_load",
				);
				PRODUCT_NAME = "$(TARGET_NAME)";
				WRAPPER_EXTENSION = app;
			};
			name = Debug;
		};
		17F2E32E143BED1A00405FBB /* Release */ = {
			isa = XCBuildConfiguration;
			buildSettings = {
				FRAMEWORK_SEARCH_PATHS = (
					"$(inherited)",
					"\"$(SRCROOT)\"",
				);
				GCC_PRECOMPILE_PREFIX_HEADER = YES;
				GCC_PREFIX_HEADER = "GradedExercises/GradedExercises-Prefix.pch";
				INFOPLIST_FILE = "GradedExercises/GradedExercises-Info.plist";
				LIBRARY_SEARCH_PATHS = "";
				OTHER_LDFLAGS = (
					"-lstdc++",
					"-all_load",
				);
				PRODUCT_NAME = "$(TARGET_NAME)";
				WRAPPER_EXTENSION = app;
			};
			name = Release;
		};
/* End XCBuildConfiguration section */

/* Begin XCConfigurationList section */
		17E516AF144A4FFC00BB8367 /* Build configuration list for PBXNativeTarget "GradedExercisesLogicTests" */ = {
			isa = XCConfigurationList;
			buildConfigurations = (
				17E516B0144A4FFC00BB8367 /* Debug */,
				17E516B1144A4FFC00BB8367 /* Release */,
			);
			defaultConfigurationIsVisible = 0;
			defaultConfigurationName = Release;
		};
		17F2E2DF143BED1900405FBB /* Build configuration list for PBXProject "GradedExercises" */ = {
			isa = XCConfigurationList;
			buildConfigurations = (
				17F2E32A143BED1A00405FBB /* Debug */,
				17F2E32B143BED1A00405FBB /* Release */,
			);
			defaultConfigurationIsVisible = 0;
			defaultConfigurationName = Release;
		};
		17F2E32C143BED1A00405FBB /* Build configuration list for PBXNativeTarget "GradedExercises" */ = {
			isa = XCConfigurationList;
			buildConfigurations = (
				17F2E32D143BED1A00405FBB /* Debug */,
				17F2E32E143BED1A00405FBB /* Release */,
			);
			defaultConfigurationIsVisible = 0;
			defaultConfigurationName = Release;
		};
/* End XCConfigurationList section */

/* Begin XCVersionGroup section */
		17491AAD143BF64000E7135F /* GEDataModel.xcdatamodeld */ = {
			isa = XCVersionGroup;
			children = (
				17491AAE143BF64000E7135F /* GEDataModel.xcdatamodel */,
			);
			currentVersion = 17491AAE143BF64000E7135F /* GEDataModel.xcdatamodel */;
			name = GEDataModel.xcdatamodeld;
			path = DataModel/GEDataModel.xcdatamodeld;
			sourceTree = "<group>";
			versionGroupType = wrapper.xcdatamodel;
		};
/* End XCVersionGroup section */
	};
	rootObject = 17F2E2DC143BED1900405FBB /* Project object */;
}
